// !$*UTF8*$!
{
	archiveVersion = 1;
	classes = {
	};
	objectVersion = 56;
	objects = {

/* Begin PBXBuildFile section */
		041FDC6FA5CCD8AEB529BF88 /* Pods_WiFiProvider.framework in Frameworks */ = {isa = PBXBuildFile; fileRef = 4EB8A54EB7E39F66F69D5E14 /* Pods_WiFiProvider.framework */; };
		139954FCA5292EB261824236 /* Pods_TunnelProvider.framework in Frameworks */ = {isa = PBXBuildFile; fileRef = DAA127D9560BD3362EFBF07E /* Pods_TunnelProvider.framework */; };
		C713C06929FAA227009308C2 /* splash.json in Resources */ = {isa = PBXBuildFile; fileRef = C713C06829FAA227009308C2 /* splash.json */; };
		C71F949C2A1B830000A3BFF1 /* NetworkExtension.framework in Frameworks */ = {isa = PBXBuildFile; fileRef = C71F949B2A1B830000A3BFF1 /* NetworkExtension.framework */; };
		C71F949F2A1B830000A3BFF1 /* AppProxyProvider.swift in Sources */ = {isa = PBXBuildFile; fileRef = C71F949E2A1B830000A3BFF1 /* AppProxyProvider.swift */; };
		C71F94A42A1B830000A3BFF1 /* TunnelProvider.appex in Embed Foundation Extensions */ = {isa = PBXBuildFile; fileRef = C71F949A2A1B830000A3BFF1 /* TunnelProvider.appex */; settings = {ATTRIBUTES = (RemoveHeadersOnCopy, ); }; };
		C71F94B52A1B843A00A3BFF1 /* Profle.swift in Sources */ = {isa = PBXBuildFile; fileRef = C71F94AC2A1B843A00A3BFF1 /* Profle.swift */; };
		C71F94B62A1B843A00A3BFF1 /* Bridge.swift in Sources */ = {isa = PBXBuildFile; fileRef = C71F94AF2A1B843A00A3BFF1 /* Bridge.swift */; };
		C71F94B72A1B843A00A3BFF1 /* Log.swift in Sources */ = {isa = PBXBuildFile; fileRef = C71F94B02A1B843A00A3BFF1 /* Log.swift */; };
		C71F94B82A1B843A00A3BFF1 /* Message.swift in Sources */ = {isa = PBXBuildFile; fileRef = C71F94B12A1B843A00A3BFF1 /* Message.swift */; };
		C71F94B92A1B843A00A3BFF1 /* Config.swift in Sources */ = {isa = PBXBuildFile; fileRef = C71F94B22A1B843A00A3BFF1 /* Config.swift */; };
		C71F94BA2A1B843A00A3BFF1 /* Util.swift in Sources */ = {isa = PBXBuildFile; fileRef = C71F94B32A1B843A00A3BFF1 /* Util.swift */; };
		C71F94BB2A1B843A00A3BFF1 /* Settings.swift in Sources */ = {isa = PBXBuildFile; fileRef = C71F94B42A1B843A00A3BFF1 /* Settings.swift */; };
		C71F94BD2A1B847C00A3BFF1 /* PacketTunnelProvider.swift in Sources */ = {isa = PBXBuildFile; fileRef = C71F94BC2A1B847C00A3BFF1 /* PacketTunnelProvider.swift */; };
		C71F94BF2A1B87DA00A3BFF1 /* Util.swift in Sources */ = {isa = PBXBuildFile; fileRef = C71F94BE2A1B87DA00A3BFF1 /* Util.swift */; };
		C71F94C52A1B896E00A3BFF1 /* Profile.swift in Sources */ = {isa = PBXBuildFile; fileRef = C71F94C42A1B896E00A3BFF1 /* Profile.swift */; };
		C71F94C72A1B89FA00A3BFF1 /* Settings.swift in Sources */ = {isa = PBXBuildFile; fileRef = C71F94C62A1B89FA00A3BFF1 /* Settings.swift */; };
		C71F94CA2A1B8AED00A3BFF1 /* Message.swift in Sources */ = {isa = PBXBuildFile; fileRef = C71F94C82A1B8AED00A3BFF1 /* Message.swift */; };
		C71F94CB2A1B8AED00A3BFF1 /* Log.swift in Sources */ = {isa = PBXBuildFile; fileRef = C71F94C92A1B8AED00A3BFF1 /* Log.swift */; };
		C7461EC72A1689AA0002AEB2 /* DeviceName.swift in Sources */ = {isa = PBXBuildFile; fileRef = C7461EC62A1689AA0002AEB2 /* DeviceName.swift */; };
		C748CEC82A163C8000DF51A9 /* FingScanResponse.swift in Sources */ = {isa = PBXBuildFile; fileRef = C748CEC72A163C8000DF51A9 /* FingScanResponse.swift */; };
		C748CECB2A163D0600DF51A9 /* FingNetwork.swift in Sources */ = {isa = PBXBuildFile; fileRef = C748CECA2A163D0600DF51A9 /* FingNetwork.swift */; };
		C748CECD2A163D4D00DF51A9 /* FingIsp.swift in Sources */ = {isa = PBXBuildFile; fileRef = C748CECC2A163D4D00DF51A9 /* FingIsp.swift */; };
		C748CECF2A163E4300DF51A9 /* FingNodes.swift in Sources */ = {isa = PBXBuildFile; fileRef = C748CECE2A163E4300DF51A9 /* FingNodes.swift */; };
		C748CED12A164FE500DF51A9 /* WifiDataCell.swift in Sources */ = {isa = PBXBuildFile; fileRef = C748CED02A164FE500DF51A9 /* WifiDataCell.swift */; };
		C74C37CB2A1CB5B30066769E /* PasswordHintCell.swift in Sources */ = {isa = PBXBuildFile; fileRef = C74C37CA2A1CB5B30066769E /* PasswordHintCell.swift */; };
		C74C37CE2A1CB6880066769E /* PasswordData.swift in Sources */ = {isa = PBXBuildFile; fileRef = C74C37CD2A1CB6880066769E /* PasswordData.swift */; };
		C74C37D02A1CB6A00066769E /* PasswordDataDetail.swift in Sources */ = {isa = PBXBuildFile; fileRef = C74C37CF2A1CB6A00066769E /* PasswordDataDetail.swift */; };
		C75F1B3A29FB7DA900D89A3E /* MenuVC.swift in Sources */ = {isa = PBXBuildFile; fileRef = C75F1B3929FB7DA900D89A3E /* MenuVC.swift */; };
		C75F1B3D29FB81DE00D89A3E /* ExtensionFile.swift in Sources */ = {isa = PBXBuildFile; fileRef = C75F1B3C29FB81DE00D89A3E /* ExtensionFile.swift */; };
		C75F1B3F29FBD56D00D89A3E /* PingHelper.swift in Sources */ = {isa = PBXBuildFile; fileRef = C75F1B3E29FBD56C00D89A3E /* PingHelper.swift */; };
		C76B0A552A0CE25500642AF5 /* DashboardVC.swift in Sources */ = {isa = PBXBuildFile; fileRef = C76B0A542A0CE25500642AF5 /* DashboardVC.swift */; };
		C76B0A572A0CE2FE00642AF5 /* VpnVC.swift in Sources */ = {isa = PBXBuildFile; fileRef = C76B0A562A0CE2FE00642AF5 /* VpnVC.swift */; };
		C76B0A592A0CE31D00642AF5 /* SpeedTestVC.swift in Sources */ = {isa = PBXBuildFile; fileRef = C76B0A582A0CE31D00642AF5 /* SpeedTestVC.swift */; };
		C76B0A5D2A0CF19500642AF5 /* PermissionVC.swift in Sources */ = {isa = PBXBuildFile; fileRef = C76B0A5C2A0CF19500642AF5 /* PermissionVC.swift */; };
		C76B0A5F2A0CF38700642AF5 /* SpeedTestDetailVC.swift in Sources */ = {isa = PBXBuildFile; fileRef = C76B0A5E2A0CF38700642AF5 /* SpeedTestDetailVC.swift */; };
		C76B0A612A0CF46D00642AF5 /* ConnectedWifiVC.swift in Sources */ = {isa = PBXBuildFile; fileRef = C76B0A602A0CF46C00642AF5 /* ConnectedWifiVC.swift */; };
		C76B0A632A0CF4A400642AF5 /* ConnectedWifiDetail.swift in Sources */ = {isa = PBXBuildFile; fileRef = C76B0A622A0CF4A400642AF5 /* ConnectedWifiDetail.swift */; };
		C76B0A652A0D0C2400642AF5 /* CloseListener.swift in Sources */ = {isa = PBXBuildFile; fileRef = C76B0A642A0D0C2400642AF5 /* CloseListener.swift */; };
		C7843B962A0DF3F800C7C2DB /* LICENSE in Resources */ = {isa = PBXBuildFile; fileRef = C7843B7C2A0DF3F800C7C2DB /* LICENSE */; };
		C7843B982A0DF3F800C7C2DB /* README.md in Resources */ = {isa = PBXBuildFile; fileRef = C7843B7E2A0DF3F800C7C2DB /* README.md */; };
		C7843B992A0DF3F800C7C2DB /* .gitignore in Resources */ = {isa = PBXBuildFile; fileRef = C7843B7F2A0DF3F800C7C2DB /* .gitignore */; };
		C7843BA42A0DF7CF00C7C2DB /* FingKit.xcframework in Frameworks */ = {isa = PBXBuildFile; fileRef = C7843B7D2A0DF3F800C7C2DB /* FingKit.xcframework */; };
		C7843BA52A0DF7CF00C7C2DB /* FingKit.xcframework in Embed Frameworks */ = {isa = PBXBuildFile; fileRef = C7843B7D2A0DF3F800C7C2DB /* FingKit.xcframework */; settings = {ATTRIBUTES = (CodeSignOnCopy, RemoveHeadersOnCopy, ); }; };
		C7843BA82A0DFB9C00C7C2DB /* FGKUtils.swift in Sources */ = {isa = PBXBuildFile; fileRef = C7843BA72A0DFB9C00C7C2DB /* FGKUtils.swift */; };
		C7843BAA2A0DFBF200C7C2DB /* NetworkHelper.swift in Sources */ = {isa = PBXBuildFile; fileRef = C7843BA92A0DFBF200C7C2DB /* NetworkHelper.swift */; };
		C7843BAD2A0E0A5B00C7C2DB /* WifiKey.swift in Sources */ = {isa = PBXBuildFile; fileRef = C7843BAC2A0E0A5B00C7C2DB /* WifiKey.swift */; };
		C7843BB52A0E39C300C7C2DB /* SpeedTestViewModel.swift in Sources */ = {isa = PBXBuildFile; fileRef = C7843BB22A0E39C300C7C2DB /* SpeedTestViewModel.swift */; };
		C7843BB62A0E39C300C7C2DB /* VPNViewModel.swift in Sources */ = {isa = PBXBuildFile; fileRef = C7843BB32A0E39C300C7C2DB /* VPNViewModel.swift */; };
		C7843BB82A0E3AEE00C7C2DB /* MyConstants.swift in Sources */ = {isa = PBXBuildFile; fileRef = C7843BB72A0E3AEE00C7C2DB /* MyConstants.swift */; };
		C7843BC72A0E3CA200C7C2DB /* VpnChecker.swift in Sources */ = {isa = PBXBuildFile; fileRef = C7843BBF2A0E3CA200C7C2DB /* VpnChecker.swift */; };
		C7843BC82A0E3CA200C7C2DB /* VPNConnection.swift in Sources */ = {isa = PBXBuildFile; fileRef = C7843BC02A0E3CA200C7C2DB /* VPNConnection.swift */; };
		C7843BC92A0E3CA200C7C2DB /* NetworkSpeedTest.swift in Sources */ = {isa = PBXBuildFile; fileRef = C7843BC12A0E3CA200C7C2DB /* NetworkSpeedTest.swift */; };
		C7843BCB2A0E4ED900C7C2DB /* PingSpeed.swift in Sources */ = {isa = PBXBuildFile; fileRef = C7843BCA2A0E4ED900C7C2DB /* PingSpeed.swift */; };
		C7843BD02A0E5C5B00C7C2DB /* SpeedTestCompleteListener.swift in Sources */ = {isa = PBXBuildFile; fileRef = C7843BCF2A0E5C5B00C7C2DB /* SpeedTestCompleteListener.swift */; };
		C79DA6712A1F1B1C00E90C22 /* TimerManager.swift in Sources */ = {isa = PBXBuildFile; fileRef = C79DA6702A1F1B1C00E90C22 /* TimerManager.swift */; };
		C7A95D472A134134006DBA68 /* SpeedHistoryVC.swift in Sources */ = {isa = PBXBuildFile; fileRef = C7A95D462A134134006DBA68 /* SpeedHistoryVC.swift */; };
		C7A95D4B2A134CB0006DBA68 /* SpeedHistoryCell.swift in Sources */ = {isa = PBXBuildFile; fileRef = C7A95D4A2A134CB0006DBA68 /* SpeedHistoryCell.swift */; };
		C7A95D4D2A135564006DBA68 /* SpeedTestData.swift in Sources */ = {isa = PBXBuildFile; fileRef = C7A95D4C2A135564006DBA68 /* SpeedTestData.swift */; };
		C7A95D512A135D60006DBA68 /* RouterVC.swift in Sources */ = {isa = PBXBuildFile; fileRef = C7A95D502A135D60006DBA68 /* RouterVC.swift */; };
		C7A95D542A1392AB006DBA68 /* CustomSegmentControl.swift in Sources */ = {isa = PBXBuildFile; fileRef = C7A95D532A1392AB006DBA68 /* CustomSegmentControl.swift */; };
		C7A95D572A1398FF006DBA68 /* GifImageClass.swift in Sources */ = {isa = PBXBuildFile; fileRef = C7A95D562A1398FF006DBA68 /* GifImageClass.swift */; };
		C7A95D652A1399FD006DBA68 /* ConnectingState.swift in Sources */ = {isa = PBXBuildFile; fileRef = C7A95D592A1399FC006DBA68 /* ConnectingState.swift */; };
		C7A95D662A1399FD006DBA68 /* PremiumCallback.swift in Sources */ = {isa = PBXBuildFile; fileRef = C7A95D5A2A1399FC006DBA68 /* PremiumCallback.swift */; };
		C7A95D672A1399FD006DBA68 /* CountrySelectionList.swift in Sources */ = {isa = PBXBuildFile; fileRef = C7A95D5B2A1399FC006DBA68 /* CountrySelectionList.swift */; };
		C7A95D682A1399FD006DBA68 /* ConnectionState.swift in Sources */ = {isa = PBXBuildFile; fileRef = C7A95D5C2A1399FC006DBA68 /* ConnectionState.swift */; };
		C7A95D692A1399FD006DBA68 /* PurchaseInfo.swift in Sources */ = {isa = PBXBuildFile; fileRef = C7A95D5D2A1399FC006DBA68 /* PurchaseInfo.swift */; };
		C7A95D6A2A1399FD006DBA68 /* FreeTrafficRemaining.swift in Sources */ = {isa = PBXBuildFile; fileRef = C7A95D5E2A1399FC006DBA68 /* FreeTrafficRemaining.swift */; };
		C7A95D6B2A1399FD006DBA68 /* MenuActionStatus.swift in Sources */ = {isa = PBXBuildFile; fileRef = C7A95D5F2A1399FC006DBA68 /* MenuActionStatus.swift */; };
		C7A95D6C2A1399FD006DBA68 /* MoveToBuyPremium.swift in Sources */ = {isa = PBXBuildFile; fileRef = C7A95D602A1399FC006DBA68 /* MoveToBuyPremium.swift */; };
		C7A95D6D2A1399FD006DBA68 /* ConnectionStatus.swift in Sources */ = {isa = PBXBuildFile; fileRef = C7A95D612A1399FC006DBA68 /* ConnectionStatus.swift */; };
		C7A95D6E2A1399FD006DBA68 /* ConnectedTimer.swift in Sources */ = {isa = PBXBuildFile; fileRef = C7A95D622A1399FC006DBA68 /* ConnectedTimer.swift */; };
		C7A95D6F2A1399FD006DBA68 /* VPNConnectedStatus.swift in Sources */ = {isa = PBXBuildFile; fileRef = C7A95D632A1399FC006DBA68 /* VPNConnectedStatus.swift */; };
		C7A95D702A1399FD006DBA68 /* VPNPurchasedStatus.swift in Sources */ = {isa = PBXBuildFile; fileRef = C7A95D642A1399FC006DBA68 /* VPNPurchasedStatus.swift */; };
		C7A95D722A13A62A006DBA68 /* CountryVC.swift in Sources */ = {isa = PBXBuildFile; fileRef = C7A95D712A13A62A006DBA68 /* CountryVC.swift */; };
		C7A95D742A13A6BD006DBA68 /* CountryTableViewCell.swift in Sources */ = {isa = PBXBuildFile; fileRef = C7A95D732A13A6BD006DBA68 /* CountryTableViewCell.swift */; };
		C7A95D7A2A13A810006DBA68 /* DataModel.swift in Sources */ = {isa = PBXBuildFile; fileRef = C7A95D762A13A810006DBA68 /* DataModel.swift */; };
		C7A95D7B2A13A810006DBA68 /* CountryModel.swift in Sources */ = {isa = PBXBuildFile; fileRef = C7A95D772A13A810006DBA68 /* CountryModel.swift */; };
		C7A95D7C2A13A810006DBA68 /* DataModelR.swift in Sources */ = {isa = PBXBuildFile; fileRef = C7A95D792A13A810006DBA68 /* DataModelR.swift */; };
		C7A95D7F2A13A921006DBA68 /* CountryDataVM.swift in Sources */ = {isa = PBXBuildFile; fileRef = C7A95D7E2A13A921006DBA68 /* CountryDataVM.swift */; };
		C7A95D822A13A972006DBA68 /* NetworkManagers.swift in Sources */ = {isa = PBXBuildFile; fileRef = C7A95D812A13A972006DBA68 /* NetworkManagers.swift */; };
		C7A95D842A13AB18006DBA68 /* Constants.swift in Sources */ = {isa = PBXBuildFile; fileRef = C7A95D832A13AB18006DBA68 /* Constants.swift */; };
		C7B3DE282A1DD67E00EC4A41 /* ConnectionTimer.swift in Sources */ = {isa = PBXBuildFile; fileRef = C7B3DE272A1DD67E00EC4A41 /* ConnectionTimer.swift */; };
		C7B3DE2B2A1DDFB500EC4A41 /* SearchController.swift in Sources */ = {isa = PBXBuildFile; fileRef = C7B3DE2A2A1DDFB500EC4A41 /* SearchController.swift */; };
		C7B5A9B42A149C9B002B7393 /* NetworkSpeedMonitor.swift in Sources */ = {isa = PBXBuildFile; fileRef = C7B5A9B32A149C9B002B7393 /* NetworkSpeedMonitor.swift */; };
		C7B5A9B82A14A987002B7393 /* SwiftShadowImageView.swift in Sources */ = {isa = PBXBuildFile; fileRef = C7B5A9B72A14A987002B7393 /* SwiftShadowImageView.swift */; };
		C7B5A9BB2A14AF77002B7393 /* ProfileViewModel.swift in Sources */ = {isa = PBXBuildFile; fileRef = C7B5A9BA2A14AF77002B7393 /* ProfileViewModel.swift */; };
		C7B5A9F92A14CBF4002B7393 /* CategorizationProcessor.swift in Sources */ = {isa = PBXBuildFile; fileRef = C7B5A9F52A14CBF4002B7393 /* CategorizationProcessor.swift */; };
		C7B5A9FA2A14CBF4002B7393 /* CategorizationActions.swift in Sources */ = {isa = PBXBuildFile; fileRef = C7B5A9F62A14CBF4002B7393 /* CategorizationActions.swift */; };
		C7B5AA0A2A14F272002B7393 /* SpeedData.swift in Sources */ = {isa = PBXBuildFile; fileRef = C7B5AA092A14F272002B7393 /* SpeedData.swift */; };
		C7C067052A1F666A004D8DC6 /* NetworkExtension.framework in Frameworks */ = {isa = PBXBuildFile; fileRef = C71F949B2A1B830000A3BFF1 /* NetworkExtension.framework */; };
		C7C432612A17290300AD0E31 /* UnderlineView.swift in Sources */ = {isa = PBXBuildFile; fileRef = C7C432602A17290300AD0E31 /* UnderlineView.swift */; };
		C7C432642A17308300AD0E31 /* TabySegmentedControl.swift in Sources */ = {isa = PBXBuildFile; fileRef = C7C432632A17308300AD0E31 /* TabySegmentedControl.swift */; };
		C7C432662A17374100AD0E31 /* PasswordHintVC.swift in Sources */ = {isa = PBXBuildFile; fileRef = C7C432652A17374100AD0E31 /* PasswordHintVC.swift */; };
		C7C432682A17375800AD0E31 /* RouterHintVC.swift in Sources */ = {isa = PBXBuildFile; fileRef = C7C432672A17375800AD0E31 /* RouterHintVC.swift */; };
		C7C4326D2A178FC000AD0E31 /* AnimationCell.swift in Sources */ = {isa = PBXBuildFile; fileRef = C7C4326A2A178FC000AD0E31 /* AnimationCell.swift */; };
		C7C4326E2A178FC000AD0E31 /* AnimationView.xib in Resources */ = {isa = PBXBuildFile; fileRef = C7C4326C2A178FC000AD0E31 /* AnimationView.xib */; };
		C7C432702A179F2F00AD0E31 /* InAppPurchaseVC.swift in Sources */ = {isa = PBXBuildFile; fileRef = C7C4326F2A179F2F00AD0E31 /* InAppPurchaseVC.swift */; };
		C7CFFEFD2A11EA5800898D67 /* WifiAdminVC.swift in Sources */ = {isa = PBXBuildFile; fileRef = C7CFFEFC2A11EA5800898D67 /* WifiAdminVC.swift */; };
		C7CFFF042A123B9500898D67 /* ScannedWifiList.swift in Sources */ = {isa = PBXBuildFile; fileRef = C7CFFF032A123B9500898D67 /* ScannedWifiList.swift */; };
		C7CFFF062A12577700898D67 /* DeviceDetailVC.swift in Sources */ = {isa = PBXBuildFile; fileRef = C7CFFF052A12577700898D67 /* DeviceDetailVC.swift */; };
		C7F2501D29FA899700F23FEB /* AppDelegate.swift in Sources */ = {isa = PBXBuildFile; fileRef = C7F2501C29FA899700F23FEB /* AppDelegate.swift */; };
		C7F2501F29FA899700F23FEB /* SceneDelegate.swift in Sources */ = {isa = PBXBuildFile; fileRef = C7F2501E29FA899700F23FEB /* SceneDelegate.swift */; };
		C7F2502129FA899700F23FEB /* SplashVC.swift in Sources */ = {isa = PBXBuildFile; fileRef = C7F2502029FA899700F23FEB /* SplashVC.swift */; };
		C7F2502429FA899700F23FEB /* Main.storyboard in Resources */ = {isa = PBXBuildFile; fileRef = C7F2502229FA899700F23FEB /* Main.storyboard */; };
		C7F2502629FA899800F23FEB /* Assets.xcassets in Resources */ = {isa = PBXBuildFile; fileRef = C7F2502529FA899800F23FEB /* Assets.xcassets */; };
		C7F2502929FA899800F23FEB /* LaunchScreen.storyboard in Resources */ = {isa = PBXBuildFile; fileRef = C7F2502729FA899800F23FEB /* LaunchScreen.storyboard */; };
		C7F2508D29FA9F1200F23FEB /* WifiVC.swift in Sources */ = {isa = PBXBuildFile; fileRef = C7F2508C29FA9F1200F23FEB /* WifiVC.swift */; };
/* End PBXBuildFile section */

/* Begin PBXContainerItemProxy section */
		C71F94A22A1B830000A3BFF1 /* PBXContainerItemProxy */ = {
			isa = PBXContainerItemProxy;
			containerPortal = C7F2501129FA899700F23FEB /* Project object */;
			proxyType = 1;
			remoteGlobalIDString = C71F94992A1B830000A3BFF1;
			remoteInfo = TunnelProvider;
		};
		C7843B942A0DF3F800C7C2DB /* PBXContainerItemProxy */ = {
			isa = PBXContainerItemProxy;
			containerPortal = C7843B792A0DF3F800C7C2DB /* FingKitTestApp.xcodeproj */;
			proxyType = 2;
			remoteGlobalIDString = A935C5481D67402200A9364F;
			remoteInfo = FingKitTestApp;
		};
/* End PBXContainerItemProxy section */

/* Begin PBXCopyFilesBuildPhase section */
		C71F94A52A1B830000A3BFF1 /* Embed Foundation Extensions */ = {
			isa = PBXCopyFilesBuildPhase;
			buildActionMask = 8;
			dstPath = "";
			dstSubfolderSpec = 13;
			files = (
				C71F94A42A1B830000A3BFF1 /* TunnelProvider.appex in Embed Foundation Extensions */,
			);
			name = "Embed Foundation Extensions";
			runOnlyForDeploymentPostprocessing = 1;
		};
		C7843BA62A0DF7CF00C7C2DB /* Embed Frameworks */ = {
			isa = PBXCopyFilesBuildPhase;
			buildActionMask = 2147483647;
			dstPath = "";
			dstSubfolderSpec = 10;
			files = (
				C7843BA52A0DF7CF00C7C2DB /* FingKit.xcframework in Embed Frameworks */,
			);
			name = "Embed Frameworks";
			runOnlyForDeploymentPostprocessing = 0;
		};
/* End PBXCopyFilesBuildPhase section */

/* Begin PBXFileReference section */
		15B3AF1F651A7AC45E4F57EF /* Pods-WiFiProvider.release.xcconfig */ = {isa = PBXFileReference; includeInIndex = 1; lastKnownFileType = text.xcconfig; name = "Pods-WiFiProvider.release.xcconfig"; path = "Target Support Files/Pods-WiFiProvider/Pods-WiFiProvider.release.xcconfig"; sourceTree = "<group>"; };
		4EB8A54EB7E39F66F69D5E14 /* Pods_WiFiProvider.framework */ = {isa = PBXFileReference; explicitFileType = wrapper.framework; includeInIndex = 0; path = Pods_WiFiProvider.framework; sourceTree = BUILT_PRODUCTS_DIR; };
		633DD3FC9256E8FB8D308EFA /* Pods-TunnelProvider.debug.xcconfig */ = {isa = PBXFileReference; includeInIndex = 1; lastKnownFileType = text.xcconfig; name = "Pods-TunnelProvider.debug.xcconfig"; path = "Target Support Files/Pods-TunnelProvider/Pods-TunnelProvider.debug.xcconfig"; sourceTree = "<group>"; };
		8DC29E2E095279E106593919 /* Pods-WiFiProvider.debug.xcconfig */ = {isa = PBXFileReference; includeInIndex = 1; lastKnownFileType = text.xcconfig; name = "Pods-WiFiProvider.debug.xcconfig"; path = "Target Support Files/Pods-WiFiProvider/Pods-WiFiProvider.debug.xcconfig"; sourceTree = "<group>"; };
		B251447BCB11395BCFE1B192 /* Pods-TunnelProvider.release.xcconfig */ = {isa = PBXFileReference; includeInIndex = 1; lastKnownFileType = text.xcconfig; name = "Pods-TunnelProvider.release.xcconfig"; path = "Target Support Files/Pods-TunnelProvider/Pods-TunnelProvider.release.xcconfig"; sourceTree = "<group>"; };
		C713C06829FAA227009308C2 /* splash.json */ = {isa = PBXFileReference; fileEncoding = 4; lastKnownFileType = text.json; path = splash.json; sourceTree = "<group>"; };
		C71F949A2A1B830000A3BFF1 /* TunnelProvider.appex */ = {isa = PBXFileReference; explicitFileType = "wrapper.app-extension"; includeInIndex = 0; path = TunnelProvider.appex; sourceTree = BUILT_PRODUCTS_DIR; };
		C71F949B2A1B830000A3BFF1 /* NetworkExtension.framework */ = {isa = PBXFileReference; lastKnownFileType = wrapper.framework; name = NetworkExtension.framework; path = System/Library/Frameworks/NetworkExtension.framework; sourceTree = SDKROOT; };
		C71F949E2A1B830000A3BFF1 /* AppProxyProvider.swift */ = {isa = PBXFileReference; lastKnownFileType = sourcecode.swift; path = AppProxyProvider.swift; sourceTree = "<group>"; };
		C71F94A02A1B830000A3BFF1 /* Info.plist */ = {isa = PBXFileReference; lastKnownFileType = text.plist.xml; path = Info.plist; sourceTree = "<group>"; };
		C71F94A12A1B830000A3BFF1 /* TunnelProvider.entitlements */ = {isa = PBXFileReference; lastKnownFileType = text.plist.entitlements; path = TunnelProvider.entitlements; sourceTree = "<group>"; };
		C71F94AC2A1B843A00A3BFF1 /* Profle.swift */ = {isa = PBXFileReference; fileEncoding = 4; lastKnownFileType = sourcecode.swift; path = Profle.swift; sourceTree = "<group>"; };
		C71F94AF2A1B843A00A3BFF1 /* Bridge.swift */ = {isa = PBXFileReference; fileEncoding = 4; lastKnownFileType = sourcecode.swift; path = Bridge.swift; sourceTree = "<group>"; };
		C71F94B02A1B843A00A3BFF1 /* Log.swift */ = {isa = PBXFileReference; fileEncoding = 4; lastKnownFileType = sourcecode.swift; path = Log.swift; sourceTree = "<group>"; };
		C71F94B12A1B843A00A3BFF1 /* Message.swift */ = {isa = PBXFileReference; fileEncoding = 4; lastKnownFileType = sourcecode.swift; path = Message.swift; sourceTree = "<group>"; };
		C71F94B22A1B843A00A3BFF1 /* Config.swift */ = {isa = PBXFileReference; fileEncoding = 4; lastKnownFileType = sourcecode.swift; path = Config.swift; sourceTree = "<group>"; };
		C71F94B32A1B843A00A3BFF1 /* Util.swift */ = {isa = PBXFileReference; fileEncoding = 4; lastKnownFileType = sourcecode.swift; path = Util.swift; sourceTree = "<group>"; };
		C71F94B42A1B843A00A3BFF1 /* Settings.swift */ = {isa = PBXFileReference; fileEncoding = 4; lastKnownFileType = sourcecode.swift; path = Settings.swift; sourceTree = "<group>"; };
		C71F94BC2A1B847C00A3BFF1 /* PacketTunnelProvider.swift */ = {isa = PBXFileReference; fileEncoding = 4; lastKnownFileType = sourcecode.swift; path = PacketTunnelProvider.swift; sourceTree = "<group>"; };
		C71F94BE2A1B87DA00A3BFF1 /* Util.swift */ = {isa = PBXFileReference; fileEncoding = 4; lastKnownFileType = sourcecode.swift; path = Util.swift; sourceTree = "<group>"; };
		C71F94C42A1B896E00A3BFF1 /* Profile.swift */ = {isa = PBXFileReference; fileEncoding = 4; lastKnownFileType = sourcecode.swift; path = Profile.swift; sourceTree = "<group>"; };
		C71F94C62A1B89FA00A3BFF1 /* Settings.swift */ = {isa = PBXFileReference; fileEncoding = 4; lastKnownFileType = sourcecode.swift; path = Settings.swift; sourceTree = "<group>"; };
		C71F94C82A1B8AED00A3BFF1 /* Message.swift */ = {isa = PBXFileReference; fileEncoding = 4; lastKnownFileType = sourcecode.swift; path = Message.swift; sourceTree = "<group>"; };
		C71F94C92A1B8AED00A3BFF1 /* Log.swift */ = {isa = PBXFileReference; fileEncoding = 4; lastKnownFileType = sourcecode.swift; path = Log.swift; sourceTree = "<group>"; };
		C7461EC62A1689AA0002AEB2 /* DeviceName.swift */ = {isa = PBXFileReference; lastKnownFileType = sourcecode.swift; path = DeviceName.swift; sourceTree = "<group>"; };
		C748CEC72A163C8000DF51A9 /* FingScanResponse.swift */ = {isa = PBXFileReference; lastKnownFileType = sourcecode.swift; path = FingScanResponse.swift; sourceTree = "<group>"; };
		C748CECA2A163D0600DF51A9 /* FingNetwork.swift */ = {isa = PBXFileReference; lastKnownFileType = sourcecode.swift; path = FingNetwork.swift; sourceTree = "<group>"; };
		C748CECC2A163D4D00DF51A9 /* FingIsp.swift */ = {isa = PBXFileReference; lastKnownFileType = sourcecode.swift; path = FingIsp.swift; sourceTree = "<group>"; };
		C748CECE2A163E4300DF51A9 /* FingNodes.swift */ = {isa = PBXFileReference; lastKnownFileType = sourcecode.swift; path = FingNodes.swift; sourceTree = "<group>"; };
		C748CED02A164FE500DF51A9 /* WifiDataCell.swift */ = {isa = PBXFileReference; lastKnownFileType = sourcecode.swift; path = WifiDataCell.swift; sourceTree = "<group>"; };
		C74C37CA2A1CB5B30066769E /* PasswordHintCell.swift */ = {isa = PBXFileReference; lastKnownFileType = sourcecode.swift; path = PasswordHintCell.swift; sourceTree = "<group>"; };
		C74C37CD2A1CB6880066769E /* PasswordData.swift */ = {isa = PBXFileReference; lastKnownFileType = sourcecode.swift; path = PasswordData.swift; sourceTree = "<group>"; };
		C74C37CF2A1CB6A00066769E /* PasswordDataDetail.swift */ = {isa = PBXFileReference; lastKnownFileType = sourcecode.swift; path = PasswordDataDetail.swift; sourceTree = "<group>"; };
		C75F1B3929FB7DA900D89A3E /* MenuVC.swift */ = {isa = PBXFileReference; lastKnownFileType = sourcecode.swift; path = MenuVC.swift; sourceTree = "<group>"; };
		C75F1B3C29FB81DE00D89A3E /* ExtensionFile.swift */ = {isa = PBXFileReference; lastKnownFileType = sourcecode.swift; path = ExtensionFile.swift; sourceTree = "<group>"; };
		C75F1B3E29FBD56C00D89A3E /* PingHelper.swift */ = {isa = PBXFileReference; lastKnownFileType = sourcecode.swift; path = PingHelper.swift; sourceTree = "<group>"; };
		C75F1B4029FBE47E00D89A3E /* Header.h */ = {isa = PBXFileReference; lastKnownFileType = sourcecode.c.h; path = Header.h; sourceTree = "<group>"; };
		C76B0A502A0CBF1000642AF5 /* WiFiProvider.entitlements */ = {isa = PBXFileReference; lastKnownFileType = text.plist.entitlements; path = WiFiProvider.entitlements; sourceTree = "<group>"; };
		C76B0A542A0CE25500642AF5 /* DashboardVC.swift */ = {isa = PBXFileReference; lastKnownFileType = sourcecode.swift; path = DashboardVC.swift; sourceTree = "<group>"; };
		C76B0A562A0CE2FE00642AF5 /* VpnVC.swift */ = {isa = PBXFileReference; lastKnownFileType = sourcecode.swift; path = VpnVC.swift; sourceTree = "<group>"; };
		C76B0A582A0CE31D00642AF5 /* SpeedTestVC.swift */ = {isa = PBXFileReference; lastKnownFileType = sourcecode.swift; path = SpeedTestVC.swift; sourceTree = "<group>"; };
		C76B0A5C2A0CF19500642AF5 /* PermissionVC.swift */ = {isa = PBXFileReference; lastKnownFileType = sourcecode.swift; path = PermissionVC.swift; sourceTree = "<group>"; };
		C76B0A5E2A0CF38700642AF5 /* SpeedTestDetailVC.swift */ = {isa = PBXFileReference; lastKnownFileType = sourcecode.swift; path = SpeedTestDetailVC.swift; sourceTree = "<group>"; };
		C76B0A602A0CF46C00642AF5 /* ConnectedWifiVC.swift */ = {isa = PBXFileReference; lastKnownFileType = sourcecode.swift; path = ConnectedWifiVC.swift; sourceTree = "<group>"; };
		C76B0A622A0CF4A400642AF5 /* ConnectedWifiDetail.swift */ = {isa = PBXFileReference; lastKnownFileType = sourcecode.swift; path = ConnectedWifiDetail.swift; sourceTree = "<group>"; };
		C76B0A642A0D0C2400642AF5 /* CloseListener.swift */ = {isa = PBXFileReference; lastKnownFileType = sourcecode.swift; path = CloseListener.swift; sourceTree = "<group>"; };
		C7843B792A0DF3F800C7C2DB /* FingKitTestApp.xcodeproj */ = {isa = PBXFileReference; lastKnownFileType = "wrapper.pb-project"; path = FingKitTestApp.xcodeproj; sourceTree = "<group>"; };
		C7843B7C2A0DF3F800C7C2DB /* LICENSE */ = {isa = PBXFileReference; fileEncoding = 4; lastKnownFileType = text; path = LICENSE; sourceTree = "<group>"; };
		C7843B7D2A0DF3F800C7C2DB /* FingKit.xcframework */ = {isa = PBXFileReference; lastKnownFileType = wrapper.xcframework; path = FingKit.xcframework; sourceTree = "<group>"; };
		C7843B7E2A0DF3F800C7C2DB /* README.md */ = {isa = PBXFileReference; fileEncoding = 4; lastKnownFileType = net.daringfireball.markdown; path = README.md; sourceTree = "<group>"; };
		C7843B7F2A0DF3F800C7C2DB /* .gitignore */ = {isa = PBXFileReference; fileEncoding = 4; lastKnownFileType = text; path = .gitignore; sourceTree = "<group>"; };
		C7843BA72A0DFB9C00C7C2DB /* FGKUtils.swift */ = {isa = PBXFileReference; lastKnownFileType = sourcecode.swift; path = FGKUtils.swift; sourceTree = "<group>"; };
		C7843BA92A0DFBF200C7C2DB /* NetworkHelper.swift */ = {isa = PBXFileReference; lastKnownFileType = sourcecode.swift; path = NetworkHelper.swift; sourceTree = "<group>"; };
		C7843BAC2A0E0A5B00C7C2DB /* WifiKey.swift */ = {isa = PBXFileReference; lastKnownFileType = sourcecode.swift; path = WifiKey.swift; sourceTree = "<group>"; };
		C7843BB22A0E39C300C7C2DB /* SpeedTestViewModel.swift */ = {isa = PBXFileReference; fileEncoding = 4; lastKnownFileType = sourcecode.swift; path = SpeedTestViewModel.swift; sourceTree = "<group>"; };
		C7843BB32A0E39C300C7C2DB /* VPNViewModel.swift */ = {isa = PBXFileReference; fileEncoding = 4; lastKnownFileType = sourcecode.swift; path = VPNViewModel.swift; sourceTree = "<group>"; };
		C7843BB72A0E3AEE00C7C2DB /* MyConstants.swift */ = {isa = PBXFileReference; lastKnownFileType = sourcecode.swift; path = MyConstants.swift; sourceTree = "<group>"; };
		C7843BBF2A0E3CA200C7C2DB /* VpnChecker.swift */ = {isa = PBXFileReference; fileEncoding = 4; lastKnownFileType = sourcecode.swift; path = VpnChecker.swift; sourceTree = "<group>"; };
		C7843BC02A0E3CA200C7C2DB /* VPNConnection.swift */ = {isa = PBXFileReference; fileEncoding = 4; lastKnownFileType = sourcecode.swift; path = VPNConnection.swift; sourceTree = "<group>"; };
		C7843BC12A0E3CA200C7C2DB /* NetworkSpeedTest.swift */ = {isa = PBXFileReference; fileEncoding = 4; lastKnownFileType = sourcecode.swift; path = NetworkSpeedTest.swift; sourceTree = "<group>"; };
		C7843BCA2A0E4ED900C7C2DB /* PingSpeed.swift */ = {isa = PBXFileReference; lastKnownFileType = sourcecode.swift; path = PingSpeed.swift; sourceTree = "<group>"; };
		C7843BCF2A0E5C5B00C7C2DB /* SpeedTestCompleteListener.swift */ = {isa = PBXFileReference; lastKnownFileType = sourcecode.swift; path = SpeedTestCompleteListener.swift; sourceTree = "<group>"; };
		C79DA6702A1F1B1C00E90C22 /* TimerManager.swift */ = {isa = PBXFileReference; lastKnownFileType = sourcecode.swift; path = TimerManager.swift; sourceTree = "<group>"; };
		C7A95D462A134134006DBA68 /* SpeedHistoryVC.swift */ = {isa = PBXFileReference; lastKnownFileType = sourcecode.swift; path = SpeedHistoryVC.swift; sourceTree = "<group>"; };
		C7A95D4A2A134CB0006DBA68 /* SpeedHistoryCell.swift */ = {isa = PBXFileReference; lastKnownFileType = sourcecode.swift; path = SpeedHistoryCell.swift; sourceTree = "<group>"; };
		C7A95D4C2A135564006DBA68 /* SpeedTestData.swift */ = {isa = PBXFileReference; lastKnownFileType = sourcecode.swift; path = SpeedTestData.swift; sourceTree = "<group>"; };
		C7A95D502A135D60006DBA68 /* RouterVC.swift */ = {isa = PBXFileReference; lastKnownFileType = sourcecode.swift; path = RouterVC.swift; sourceTree = "<group>"; };
		C7A95D532A1392AB006DBA68 /* CustomSegmentControl.swift */ = {isa = PBXFileReference; lastKnownFileType = sourcecode.swift; path = CustomSegmentControl.swift; sourceTree = "<group>"; };
		C7A95D562A1398FF006DBA68 /* GifImageClass.swift */ = {isa = PBXFileReference; lastKnownFileType = sourcecode.swift; path = GifImageClass.swift; sourceTree = "<group>"; };
		C7A95D592A1399FC006DBA68 /* ConnectingState.swift */ = {isa = PBXFileReference; fileEncoding = 4; lastKnownFileType = sourcecode.swift; path = ConnectingState.swift; sourceTree = "<group>"; };
		C7A95D5A2A1399FC006DBA68 /* PremiumCallback.swift */ = {isa = PBXFileReference; fileEncoding = 4; lastKnownFileType = sourcecode.swift; path = PremiumCallback.swift; sourceTree = "<group>"; };
		C7A95D5B2A1399FC006DBA68 /* CountrySelectionList.swift */ = {isa = PBXFileReference; fileEncoding = 4; lastKnownFileType = sourcecode.swift; path = CountrySelectionList.swift; sourceTree = "<group>"; };
		C7A95D5C2A1399FC006DBA68 /* ConnectionState.swift */ = {isa = PBXFileReference; fileEncoding = 4; lastKnownFileType = sourcecode.swift; path = ConnectionState.swift; sourceTree = "<group>"; };
		C7A95D5D2A1399FC006DBA68 /* PurchaseInfo.swift */ = {isa = PBXFileReference; fileEncoding = 4; lastKnownFileType = sourcecode.swift; path = PurchaseInfo.swift; sourceTree = "<group>"; };
		C7A95D5E2A1399FC006DBA68 /* FreeTrafficRemaining.swift */ = {isa = PBXFileReference; fileEncoding = 4; lastKnownFileType = sourcecode.swift; path = FreeTrafficRemaining.swift; sourceTree = "<group>"; };
		C7A95D5F2A1399FC006DBA68 /* MenuActionStatus.swift */ = {isa = PBXFileReference; fileEncoding = 4; lastKnownFileType = sourcecode.swift; path = MenuActionStatus.swift; sourceTree = "<group>"; };
		C7A95D602A1399FC006DBA68 /* MoveToBuyPremium.swift */ = {isa = PBXFileReference; fileEncoding = 4; lastKnownFileType = sourcecode.swift; path = MoveToBuyPremium.swift; sourceTree = "<group>"; };
		C7A95D612A1399FC006DBA68 /* ConnectionStatus.swift */ = {isa = PBXFileReference; fileEncoding = 4; lastKnownFileType = sourcecode.swift; path = ConnectionStatus.swift; sourceTree = "<group>"; };
		C7A95D622A1399FC006DBA68 /* ConnectedTimer.swift */ = {isa = PBXFileReference; fileEncoding = 4; lastKnownFileType = sourcecode.swift; path = ConnectedTimer.swift; sourceTree = "<group>"; };
		C7A95D632A1399FC006DBA68 /* VPNConnectedStatus.swift */ = {isa = PBXFileReference; fileEncoding = 4; lastKnownFileType = sourcecode.swift; path = VPNConnectedStatus.swift; sourceTree = "<group>"; };
		C7A95D642A1399FC006DBA68 /* VPNPurchasedStatus.swift */ = {isa = PBXFileReference; fileEncoding = 4; lastKnownFileType = sourcecode.swift; path = VPNPurchasedStatus.swift; sourceTree = "<group>"; };
		C7A95D712A13A62A006DBA68 /* CountryVC.swift */ = {isa = PBXFileReference; lastKnownFileType = sourcecode.swift; path = CountryVC.swift; sourceTree = "<group>"; };
		C7A95D732A13A6BD006DBA68 /* CountryTableViewCell.swift */ = {isa = PBXFileReference; lastKnownFileType = sourcecode.swift; path = CountryTableViewCell.swift; sourceTree = "<group>"; };
		C7A95D762A13A810006DBA68 /* DataModel.swift */ = {isa = PBXFileReference; fileEncoding = 4; lastKnownFileType = sourcecode.swift; path = DataModel.swift; sourceTree = "<group>"; };
		C7A95D772A13A810006DBA68 /* CountryModel.swift */ = {isa = PBXFileReference; fileEncoding = 4; lastKnownFileType = sourcecode.swift; path = CountryModel.swift; sourceTree = "<group>"; };
		C7A95D792A13A810006DBA68 /* DataModelR.swift */ = {isa = PBXFileReference; fileEncoding = 4; lastKnownFileType = sourcecode.swift; path = DataModelR.swift; sourceTree = "<group>"; };
		C7A95D7E2A13A921006DBA68 /* CountryDataVM.swift */ = {isa = PBXFileReference; lastKnownFileType = sourcecode.swift; path = CountryDataVM.swift; sourceTree = "<group>"; };
		C7A95D812A13A972006DBA68 /* NetworkManagers.swift */ = {isa = PBXFileReference; lastKnownFileType = sourcecode.swift; path = NetworkManagers.swift; sourceTree = "<group>"; };
		C7A95D832A13AB18006DBA68 /* Constants.swift */ = {isa = PBXFileReference; lastKnownFileType = sourcecode.swift; path = Constants.swift; sourceTree = "<group>"; };
		C7B3DE272A1DD67E00EC4A41 /* ConnectionTimer.swift */ = {isa = PBXFileReference; lastKnownFileType = sourcecode.swift; path = ConnectionTimer.swift; sourceTree = "<group>"; };
		C7B3DE2A2A1DDFB500EC4A41 /* SearchController.swift */ = {isa = PBXFileReference; lastKnownFileType = sourcecode.swift; path = SearchController.swift; sourceTree = "<group>"; };
		C7B5A9B32A149C9B002B7393 /* NetworkSpeedMonitor.swift */ = {isa = PBXFileReference; lastKnownFileType = sourcecode.swift; path = NetworkSpeedMonitor.swift; sourceTree = "<group>"; };
		C7B5A9B72A14A987002B7393 /* SwiftShadowImageView.swift */ = {isa = PBXFileReference; lastKnownFileType = sourcecode.swift; path = SwiftShadowImageView.swift; sourceTree = "<group>"; };
		C7B5A9BA2A14AF77002B7393 /* ProfileViewModel.swift */ = {isa = PBXFileReference; lastKnownFileType = sourcecode.swift; path = ProfileViewModel.swift; sourceTree = "<group>"; };
		C7B5A9F52A14CBF4002B7393 /* CategorizationProcessor.swift */ = {isa = PBXFileReference; fileEncoding = 4; lastKnownFileType = sourcecode.swift; path = CategorizationProcessor.swift; sourceTree = "<group>"; };
		C7B5A9F62A14CBF4002B7393 /* CategorizationActions.swift */ = {isa = PBXFileReference; fileEncoding = 4; lastKnownFileType = sourcecode.swift; path = CategorizationActions.swift; sourceTree = "<group>"; };
		C7B5A9F72A14CBF4002B7393 /* neprovider.entitlements */ = {isa = PBXFileReference; fileEncoding = 4; lastKnownFileType = text.plist.entitlements; path = neprovider.entitlements; sourceTree = "<group>"; };
		C7B5AA092A14F272002B7393 /* SpeedData.swift */ = {isa = PBXFileReference; lastKnownFileType = sourcecode.swift; path = SpeedData.swift; sourceTree = "<group>"; };
		C7C432602A17290300AD0E31 /* UnderlineView.swift */ = {isa = PBXFileReference; lastKnownFileType = sourcecode.swift; path = UnderlineView.swift; sourceTree = "<group>"; };
		C7C432632A17308300AD0E31 /* TabySegmentedControl.swift */ = {isa = PBXFileReference; lastKnownFileType = sourcecode.swift; path = TabySegmentedControl.swift; sourceTree = "<group>"; };
		C7C432652A17374100AD0E31 /* PasswordHintVC.swift */ = {isa = PBXFileReference; lastKnownFileType = sourcecode.swift; path = PasswordHintVC.swift; sourceTree = "<group>"; };
		C7C432672A17375800AD0E31 /* RouterHintVC.swift */ = {isa = PBXFileReference; lastKnownFileType = sourcecode.swift; path = RouterHintVC.swift; sourceTree = "<group>"; };
		C7C4326A2A178FC000AD0E31 /* AnimationCell.swift */ = {isa = PBXFileReference; fileEncoding = 4; lastKnownFileType = sourcecode.swift; path = AnimationCell.swift; sourceTree = "<group>"; };
		C7C4326C2A178FC000AD0E31 /* AnimationView.xib */ = {isa = PBXFileReference; fileEncoding = 4; lastKnownFileType = file.xib; path = AnimationView.xib; sourceTree = "<group>"; };
		C7C4326F2A179F2F00AD0E31 /* InAppPurchaseVC.swift */ = {isa = PBXFileReference; lastKnownFileType = sourcecode.swift; path = InAppPurchaseVC.swift; sourceTree = "<group>"; };
		C7CFFEFC2A11EA5800898D67 /* WifiAdminVC.swift */ = {isa = PBXFileReference; lastKnownFileType = sourcecode.swift; path = WifiAdminVC.swift; sourceTree = "<group>"; };
		C7CFFF032A123B9500898D67 /* ScannedWifiList.swift */ = {isa = PBXFileReference; lastKnownFileType = sourcecode.swift; path = ScannedWifiList.swift; sourceTree = "<group>"; };
		C7CFFF052A12577700898D67 /* DeviceDetailVC.swift */ = {isa = PBXFileReference; lastKnownFileType = sourcecode.swift; path = DeviceDetailVC.swift; sourceTree = "<group>"; };
		C7F2501929FA899700F23FEB /* WiFiProvider.app */ = {isa = PBXFileReference; explicitFileType = wrapper.application; includeInIndex = 0; path = WiFiProvider.app; sourceTree = BUILT_PRODUCTS_DIR; };
		C7F2501C29FA899700F23FEB /* AppDelegate.swift */ = {isa = PBXFileReference; lastKnownFileType = sourcecode.swift; path = AppDelegate.swift; sourceTree = "<group>"; };
		C7F2501E29FA899700F23FEB /* SceneDelegate.swift */ = {isa = PBXFileReference; lastKnownFileType = sourcecode.swift; path = SceneDelegate.swift; sourceTree = "<group>"; };
		C7F2502029FA899700F23FEB /* SplashVC.swift */ = {isa = PBXFileReference; lastKnownFileType = sourcecode.swift; path = SplashVC.swift; sourceTree = "<group>"; };
		C7F2502329FA899700F23FEB /* Base */ = {isa = PBXFileReference; lastKnownFileType = file.storyboard; name = Base; path = Base.lproj/Main.storyboard; sourceTree = "<group>"; };
		C7F2502529FA899800F23FEB /* Assets.xcassets */ = {isa = PBXFileReference; lastKnownFileType = folder.assetcatalog; path = Assets.xcassets; sourceTree = "<group>"; };
		C7F2502829FA899800F23FEB /* Base */ = {isa = PBXFileReference; lastKnownFileType = file.storyboard; name = Base; path = Base.lproj/LaunchScreen.storyboard; sourceTree = "<group>"; };
		C7F2502A29FA899800F23FEB /* Info.plist */ = {isa = PBXFileReference; lastKnownFileType = text.plist.xml; path = Info.plist; sourceTree = "<group>"; };
		C7F2508C29FA9F1200F23FEB /* WifiVC.swift */ = {isa = PBXFileReference; lastKnownFileType = sourcecode.swift; path = WifiVC.swift; sourceTree = "<group>"; };
		DAA127D9560BD3362EFBF07E /* Pods_TunnelProvider.framework */ = {isa = PBXFileReference; explicitFileType = wrapper.framework; includeInIndex = 0; path = Pods_TunnelProvider.framework; sourceTree = BUILT_PRODUCTS_DIR; };
/* End PBXFileReference section */

/* Begin PBXFrameworksBuildPhase section */
		C71F94972A1B830000A3BFF1 /* Frameworks */ = {
			isa = PBXFrameworksBuildPhase;
			buildActionMask = 2147483647;
			files = (
				C71F949C2A1B830000A3BFF1 /* NetworkExtension.framework in Frameworks */,
				139954FCA5292EB261824236 /* Pods_TunnelProvider.framework in Frameworks */,
			);
			runOnlyForDeploymentPostprocessing = 0;
		};
		C7F2501629FA899700F23FEB /* Frameworks */ = {
			isa = PBXFrameworksBuildPhase;
			buildActionMask = 2147483647;
			files = (
				C7843BA42A0DF7CF00C7C2DB /* FingKit.xcframework in Frameworks */,
				C7C067052A1F666A004D8DC6 /* NetworkExtension.framework in Frameworks */,
				041FDC6FA5CCD8AEB529BF88 /* Pods_WiFiProvider.framework in Frameworks */,
			);
			runOnlyForDeploymentPostprocessing = 0;
		};
/* End PBXFrameworksBuildPhase section */

/* Begin PBXGroup section */
		9A79FE8C9EE63DAF8F1454BC /* Frameworks */ = {
			isa = PBXGroup;
			children = (
				4EB8A54EB7E39F66F69D5E14 /* Pods_WiFiProvider.framework */,
				C71F949B2A1B830000A3BFF1 /* NetworkExtension.framework */,
				DAA127D9560BD3362EFBF07E /* Pods_TunnelProvider.framework */,
			);
			name = Frameworks;
			sourceTree = "<group>";
		};
		BFD2D736738334E69D11FFC8 /* Pods */ = {
			isa = PBXGroup;
			children = (
				8DC29E2E095279E106593919 /* Pods-WiFiProvider.debug.xcconfig */,
				15B3AF1F651A7AC45E4F57EF /* Pods-WiFiProvider.release.xcconfig */,
				633DD3FC9256E8FB8D308EFA /* Pods-TunnelProvider.debug.xcconfig */,
				B251447BCB11395BCFE1B192 /* Pods-TunnelProvider.release.xcconfig */,
			);
			path = Pods;
			sourceTree = "<group>";
		};
		C71F949D2A1B830000A3BFF1 /* TunnelProvider */ = {
			isa = PBXGroup;
			children = (
				C71F94BC2A1B847C00A3BFF1 /* PacketTunnelProvider.swift */,
				C71F94AE2A1B843A00A3BFF1 /* Helpers */,
				C71F94AB2A1B843A00A3BFF1 /* Model */,
				C71F949E2A1B830000A3BFF1 /* AppProxyProvider.swift */,
				C71F94A02A1B830000A3BFF1 /* Info.plist */,
				C71F94A12A1B830000A3BFF1 /* TunnelProvider.entitlements */,
			);
			path = TunnelProvider;
			sourceTree = "<group>";
		};
		C71F94AB2A1B843A00A3BFF1 /* Model */ = {
			isa = PBXGroup;
			children = (
				C71F94AC2A1B843A00A3BFF1 /* Profle.swift */,
			);
			path = Model;
			sourceTree = "<group>";
		};
		C71F94AE2A1B843A00A3BFF1 /* Helpers */ = {
			isa = PBXGroup;
			children = (
				C71F94AF2A1B843A00A3BFF1 /* Bridge.swift */,
				C71F94B02A1B843A00A3BFF1 /* Log.swift */,
				C71F94B12A1B843A00A3BFF1 /* Message.swift */,
				C71F94B22A1B843A00A3BFF1 /* Config.swift */,
				C71F94B32A1B843A00A3BFF1 /* Util.swift */,
				C71F94B42A1B843A00A3BFF1 /* Settings.swift */,
				C7B3DE272A1DD67E00EC4A41 /* ConnectionTimer.swift */,
			);
			path = Helpers;
			sourceTree = "<group>";
		};
		C75F1B3B29FB819000D89A3E /* HelperClasses */ = {
			isa = PBXGroup;
			children = (
				C75F1B3C29FB81DE00D89A3E /* ExtensionFile.swift */,
				C75F1B3E29FBD56C00D89A3E /* PingHelper.swift */,
				C76B0A642A0D0C2400642AF5 /* CloseListener.swift */,
				C7843BA72A0DFB9C00C7C2DB /* FGKUtils.swift */,
				C7843BA92A0DFBF200C7C2DB /* NetworkHelper.swift */,
				C7843BB72A0E3AEE00C7C2DB /* MyConstants.swift */,
				C7843BCA2A0E4ED900C7C2DB /* PingSpeed.swift */,
				C7A95D532A1392AB006DBA68 /* CustomSegmentControl.swift */,
				C7A95D562A1398FF006DBA68 /* GifImageClass.swift */,
				C7A95D812A13A972006DBA68 /* NetworkManagers.swift */,
				C7A95D832A13AB18006DBA68 /* Constants.swift */,
				C7B5A9B32A149C9B002B7393 /* NetworkSpeedMonitor.swift */,
				C7B5A9B72A14A987002B7393 /* SwiftShadowImageView.swift */,
				C7461EC62A1689AA0002AEB2 /* DeviceName.swift */,
				C7C432602A17290300AD0E31 /* UnderlineView.swift */,
				C7C432632A17308300AD0E31 /* TabySegmentedControl.swift */,
				C79DA6702A1F1B1C00E90C22 /* TimerManager.swift */,
			);
			name = HelperClasses;
			sourceTree = "<group>";
		};
		C76B0A532A0CE1FC00642AF5 /* viewcontrollers */ = {
			isa = PBXGroup;
			children = (
				C76B0A542A0CE25500642AF5 /* DashboardVC.swift */,
				C76B0A562A0CE2FE00642AF5 /* VpnVC.swift */,
				C76B0A582A0CE31D00642AF5 /* SpeedTestVC.swift */,
				C7F2508C29FA9F1200F23FEB /* WifiVC.swift */,
				C76B0A5C2A0CF19500642AF5 /* PermissionVC.swift */,
				C76B0A5E2A0CF38700642AF5 /* SpeedTestDetailVC.swift */,
				C76B0A602A0CF46C00642AF5 /* ConnectedWifiVC.swift */,
				C76B0A622A0CF4A400642AF5 /* ConnectedWifiDetail.swift */,
				C7CFFEFC2A11EA5800898D67 /* WifiAdminVC.swift */,
				C7CFFF052A12577700898D67 /* DeviceDetailVC.swift */,
				C7A95D462A134134006DBA68 /* SpeedHistoryVC.swift */,
				C7A95D502A135D60006DBA68 /* RouterVC.swift */,
				C7A95D712A13A62A006DBA68 /* CountryVC.swift */,
				C7C432652A17374100AD0E31 /* PasswordHintVC.swift */,
				C7C432672A17375800AD0E31 /* RouterHintVC.swift */,
				C7C4326F2A179F2F00AD0E31 /* InAppPurchaseVC.swift */,
			);
			path = viewcontrollers;
			sourceTree = "<group>";
		};
		C7843B782A0DF3F800C7C2DB /* devrecog-sample-app-ios-master */ = {
			isa = PBXGroup;
			children = (
				C7843B792A0DF3F800C7C2DB /* FingKitTestApp.xcodeproj */,
				C7843B7C2A0DF3F800C7C2DB /* LICENSE */,
				C7843B7D2A0DF3F800C7C2DB /* FingKit.xcframework */,
				C7843B7E2A0DF3F800C7C2DB /* README.md */,
				C7843B7F2A0DF3F800C7C2DB /* .gitignore */,
			);
			path = "devrecog-sample-app-ios-master";
			sourceTree = "<group>";
		};
		C7843B7A2A0DF3F800C7C2DB /* Products */ = {
			isa = PBXGroup;
			children = (
				C7843B952A0DF3F800C7C2DB /* FingKitTestApp.app */,
			);
			name = Products;
			sourceTree = "<group>";
		};
		C7843BB12A0E39C300C7C2DB /* ViewModels */ = {
			isa = PBXGroup;
			children = (
				C71F94C42A1B896E00A3BFF1 /* Profile.swift */,
				C7843BB22A0E39C300C7C2DB /* SpeedTestViewModel.swift */,
				C7843BB32A0E39C300C7C2DB /* VPNViewModel.swift */,
				C7A95D7E2A13A921006DBA68 /* CountryDataVM.swift */,
				C7B5A9BA2A14AF77002B7393 /* ProfileViewModel.swift */,
			);
			path = ViewModels;
			sourceTree = "<group>";
		};
		C7843BB92A0E3CA200C7C2DB /* ServiceHelper */ = {
			isa = PBXGroup;
			children = (
				C71F94C92A1B8AED00A3BFF1 /* Log.swift */,
				C71F94C82A1B8AED00A3BFF1 /* Message.swift */,
				C71F94C62A1B89FA00A3BFF1 /* Settings.swift */,
				C71F94BE2A1B87DA00A3BFF1 /* Util.swift */,
				C7843BBF2A0E3CA200C7C2DB /* VpnChecker.swift */,
				C7843BC02A0E3CA200C7C2DB /* VPNConnection.swift */,
				C7843BC12A0E3CA200C7C2DB /* NetworkSpeedTest.swift */,
			);
			path = ServiceHelper;
			sourceTree = "<group>";
		};
		C7843BCD2A0E5C2E00C7C2DB /* Listener */ = {
			isa = PBXGroup;
			children = (
				C7843BCF2A0E5C5B00C7C2DB /* SpeedTestCompleteListener.swift */,
			);
			path = Listener;
			sourceTree = "<group>";
		};
		C7A95D492A134C92006DBA68 /* TableCell */ = {
			isa = PBXGroup;
			children = (
				C7C4326A2A178FC000AD0E31 /* AnimationCell.swift */,
				C7C4326C2A178FC000AD0E31 /* AnimationView.xib */,
				C7A95D4A2A134CB0006DBA68 /* SpeedHistoryCell.swift */,
				C7A95D732A13A6BD006DBA68 /* CountryTableViewCell.swift */,
				C748CED02A164FE500DF51A9 /* WifiDataCell.swift */,
				C74C37CA2A1CB5B30066769E /* PasswordHintCell.swift */,
			);
			path = TableCell;
			sourceTree = "<group>";
		};
		C7A95D582A1399FC006DBA68 /* Protocols */ = {
			isa = PBXGroup;
			children = (
				C7A95D592A1399FC006DBA68 /* ConnectingState.swift */,
				C7A95D5A2A1399FC006DBA68 /* PremiumCallback.swift */,
				C7A95D5B2A1399FC006DBA68 /* CountrySelectionList.swift */,
				C7A95D5C2A1399FC006DBA68 /* ConnectionState.swift */,
				C7A95D5D2A1399FC006DBA68 /* PurchaseInfo.swift */,
				C7A95D5E2A1399FC006DBA68 /* FreeTrafficRemaining.swift */,
				C7A95D5F2A1399FC006DBA68 /* MenuActionStatus.swift */,
				C7A95D602A1399FC006DBA68 /* MoveToBuyPremium.swift */,
				C7A95D612A1399FC006DBA68 /* ConnectionStatus.swift */,
				C7A95D622A1399FC006DBA68 /* ConnectedTimer.swift */,
				C7A95D632A1399FC006DBA68 /* VPNConnectedStatus.swift */,
				C7A95D642A1399FC006DBA68 /* VPNPurchasedStatus.swift */,
				C7B3DE2A2A1DDFB500EC4A41 /* SearchController.swift */,
			);
			path = Protocols;
			sourceTree = "<group>";
		};
		C7A95D752A13A810006DBA68 /* Parameter */ = {
			isa = PBXGroup;
			children = (
				C7A95D762A13A810006DBA68 /* DataModel.swift */,
				C7A95D772A13A810006DBA68 /* CountryModel.swift */,
			);
			path = Parameter;
			sourceTree = "<group>";
		};
		C7A95D782A13A810006DBA68 /* Response */ = {
			isa = PBXGroup;
			children = (
				C7A95D792A13A810006DBA68 /* DataModelR.swift */,
			);
			path = Response;
			sourceTree = "<group>";
		};
		C7B5A9F42A14CBF4002B7393 /* neprovider */ = {
			isa = PBXGroup;
			children = (
				C7B5A9F52A14CBF4002B7393 /* CategorizationProcessor.swift */,
				C7B5A9F62A14CBF4002B7393 /* CategorizationActions.swift */,
				C7B5A9F72A14CBF4002B7393 /* neprovider.entitlements */,
			);
			path = neprovider;
			sourceTree = "<group>";
		};
		C7CFFF012A123B5F00898D67 /* Model */ = {
			isa = PBXGroup;
			children = (
				C7A95D752A13A810006DBA68 /* Parameter */,
				C7A95D782A13A810006DBA68 /* Response */,
				C7843BAC2A0E0A5B00C7C2DB /* WifiKey.swift */,
				C7CFFF032A123B9500898D67 /* ScannedWifiList.swift */,
				C7A95D4C2A135564006DBA68 /* SpeedTestData.swift */,
				C7B5AA092A14F272002B7393 /* SpeedData.swift */,
				C748CEC72A163C8000DF51A9 /* FingScanResponse.swift */,
				C748CECA2A163D0600DF51A9 /* FingNetwork.swift */,
				C748CECC2A163D4D00DF51A9 /* FingIsp.swift */,
				C748CECE2A163E4300DF51A9 /* FingNodes.swift */,
				C74C37CD2A1CB6880066769E /* PasswordData.swift */,
				C74C37CF2A1CB6A00066769E /* PasswordDataDetail.swift */,
			);
			path = Model;
			sourceTree = "<group>";
		};
		C7F2501029FA899700F23FEB = {
			isa = PBXGroup;
			children = (
				C7F2501B29FA899700F23FEB /* WiFiProvider */,
				C71F949D2A1B830000A3BFF1 /* TunnelProvider */,
				C7F2501A29FA899700F23FEB /* Products */,
				BFD2D736738334E69D11FFC8 /* Pods */,
				9A79FE8C9EE63DAF8F1454BC /* Frameworks */,
			);
			sourceTree = "<group>";
		};
		C7F2501A29FA899700F23FEB /* Products */ = {
			isa = PBXGroup;
			children = (
				C7F2501929FA899700F23FEB /* WiFiProvider.app */,
				C71F949A2A1B830000A3BFF1 /* TunnelProvider.appex */,
			);
			name = Products;
			sourceTree = "<group>";
		};
		C7F2501B29FA899700F23FEB /* WiFiProvider */ = {
			isa = PBXGroup;
			children = (
				C7B5A9F42A14CBF4002B7393 /* neprovider */,
				C7A95D582A1399FC006DBA68 /* Protocols */,
				C7A95D492A134C92006DBA68 /* TableCell */,
				C7CFFF012A123B5F00898D67 /* Model */,
				C7843BCD2A0E5C2E00C7C2DB /* Listener */,
				C7843BB92A0E3CA200C7C2DB /* ServiceHelper */,
				C7843BB12A0E39C300C7C2DB /* ViewModels */,
				C7843B782A0DF3F800C7C2DB /* devrecog-sample-app-ios-master */,
				C76B0A532A0CE1FC00642AF5 /* viewcontrollers */,
				C76B0A502A0CBF1000642AF5 /* WiFiProvider.entitlements */,
				C75F1B3B29FB819000D89A3E /* HelperClasses */,
				C713C06829FAA227009308C2 /* splash.json */,
				C7F2501C29FA899700F23FEB /* AppDelegate.swift */,
				C7F2501E29FA899700F23FEB /* SceneDelegate.swift */,
				C7F2502029FA899700F23FEB /* SplashVC.swift */,
				C7F2502229FA899700F23FEB /* Main.storyboard */,
				C7F2502529FA899800F23FEB /* Assets.xcassets */,
				C7F2502729FA899800F23FEB /* LaunchScreen.storyboard */,
				C7F2502A29FA899800F23FEB /* Info.plist */,
				C75F1B3929FB7DA900D89A3E /* MenuVC.swift */,
				C75F1B4029FBE47E00D89A3E /* Header.h */,
			);
			path = WiFiProvider;
			sourceTree = "<group>";
		};
/* End PBXGroup section */

/* Begin PBXNativeTarget section */
		C71F94992A1B830000A3BFF1 /* TunnelProvider */ = {
			isa = PBXNativeTarget;
			buildConfigurationList = C71F94A92A1B830000A3BFF1 /* Build configuration list for PBXNativeTarget "TunnelProvider" */;
			buildPhases = (
				38380F44274EA4BE00D3C2E8 /* [CP] Check Pods Manifest.lock */,
				C71F94962A1B830000A3BFF1 /* Sources */,
				C71F94972A1B830000A3BFF1 /* Frameworks */,
				C71F94982A1B830000A3BFF1 /* Resources */,
			);
			buildRules = (
			);
			dependencies = (
			);
			name = TunnelProvider;
			productName = TunnelProvider;
			productReference = C71F949A2A1B830000A3BFF1 /* TunnelProvider.appex */;
			productType = "com.apple.product-type.app-extension";
		};
		C7F2501829FA899700F23FEB /* WiFiProvider */ = {
			isa = PBXNativeTarget;
			buildConfigurationList = C7F2502D29FA899800F23FEB /* Build configuration list for PBXNativeTarget "WiFiProvider" */;
			buildPhases = (
				B8EB38C9AADFC98528CE0699 /* [CP] Check Pods Manifest.lock */,
				C7F2501529FA899700F23FEB /* Sources */,
				C7F2501629FA899700F23FEB /* Frameworks */,
				C7F2501729FA899700F23FEB /* Resources */,
				D3C1BC7B8E3C2F37334064D3 /* [CP] Embed Pods Frameworks */,
				C7843BA62A0DF7CF00C7C2DB /* Embed Frameworks */,
				C71F94A52A1B830000A3BFF1 /* Embed Foundation Extensions */,
			);
			buildRules = (
			);
			dependencies = (
				C71F94A32A1B830000A3BFF1 /* PBXTargetDependency */,
			);
			name = WiFiProvider;
			productName = WiFiProvider;
			productReference = C7F2501929FA899700F23FEB /* WiFiProvider.app */;
			productType = "com.apple.product-type.application";
		};
/* End PBXNativeTarget section */

/* Begin PBXProject section */
		C7F2501129FA899700F23FEB /* Project object */ = {
			isa = PBXProject;
			attributes = {
				BuildIndependentTargetsInParallel = 1;
				LastSwiftUpdateCheck = 1420;
				LastUpgradeCheck = 1420;
				TargetAttributes = {
					C71F94992A1B830000A3BFF1 = {
						CreatedOnToolsVersion = 14.2;
					};
					C7F2501829FA899700F23FEB = {
						CreatedOnToolsVersion = 14.2;
					};
				};
			};
			buildConfigurationList = C7F2501429FA899700F23FEB /* Build configuration list for PBXProject "WiFiProvider" */;
			compatibilityVersion = "Xcode 14.0";
			developmentRegion = en;
			hasScannedForEncodings = 0;
			knownRegions = (
				en,
				Base,
			);
			mainGroup = C7F2501029FA899700F23FEB;
			productRefGroup = C7F2501A29FA899700F23FEB /* Products */;
			projectDirPath = "";
			projectReferences = (
				{
					ProductGroup = C7843B7A2A0DF3F800C7C2DB /* Products */;
					ProjectRef = C7843B792A0DF3F800C7C2DB /* FingKitTestApp.xcodeproj */;
				},
			);
			projectRoot = "";
			targets = (
				C7F2501829FA899700F23FEB /* WiFiProvider */,
				C71F94992A1B830000A3BFF1 /* TunnelProvider */,
			);
		};
/* End PBXProject section */

/* Begin PBXReferenceProxy section */
		C7843B952A0DF3F800C7C2DB /* FingKitTestApp.app */ = {
			isa = PBXReferenceProxy;
			fileType = wrapper.application;
			path = FingKitTestApp.app;
			remoteRef = C7843B942A0DF3F800C7C2DB /* PBXContainerItemProxy */;
			sourceTree = BUILT_PRODUCTS_DIR;
		};
/* End PBXReferenceProxy section */

/* Begin PBXResourcesBuildPhase section */
		C71F94982A1B830000A3BFF1 /* Resources */ = {
			isa = PBXResourcesBuildPhase;
			buildActionMask = 2147483647;
			files = (
			);
			runOnlyForDeploymentPostprocessing = 0;
		};
		C7F2501729FA899700F23FEB /* Resources */ = {
			isa = PBXResourcesBuildPhase;
			buildActionMask = 2147483647;
			files = (
				C7843B982A0DF3F800C7C2DB /* README.md in Resources */,
				C7843B992A0DF3F800C7C2DB /* .gitignore in Resources */,
				C7F2502929FA899800F23FEB /* LaunchScreen.storyboard in Resources */,
				C7F2502629FA899800F23FEB /* Assets.xcassets in Resources */,
				C713C06929FAA227009308C2 /* splash.json in Resources */,
				C7C4326E2A178FC000AD0E31 /* AnimationView.xib in Resources */,
				C7F2502429FA899700F23FEB /* Main.storyboard in Resources */,
				C7843B962A0DF3F800C7C2DB /* LICENSE in Resources */,
			);
			runOnlyForDeploymentPostprocessing = 0;
		};
/* End PBXResourcesBuildPhase section */

/* Begin PBXShellScriptBuildPhase section */
		38380F44274EA4BE00D3C2E8 /* [CP] Check Pods Manifest.lock */ = {
			isa = PBXShellScriptBuildPhase;
			buildActionMask = 2147483647;
			files = (
			);
			inputFileListPaths = (
			);
			inputPaths = (
				"${PODS_PODFILE_DIR_PATH}/Podfile.lock",
				"${PODS_ROOT}/Manifest.lock",
			);
			name = "[CP] Check Pods Manifest.lock";
			outputFileListPaths = (
			);
			outputPaths = (
				"$(DERIVED_FILE_DIR)/Pods-TunnelProvider-checkManifestLockResult.txt",
			);
			runOnlyForDeploymentPostprocessing = 0;
			shellPath = /bin/sh;
			shellScript = "diff \"${PODS_PODFILE_DIR_PATH}/Podfile.lock\" \"${PODS_ROOT}/Manifest.lock\" > /dev/null\nif [ $? != 0 ] ; then\n    # print error to STDERR\n    echo \"error: The sandbox is not in sync with the Podfile.lock. Run 'pod install' or update your CocoaPods installation.\" >&2\n    exit 1\nfi\n# This output is used by Xcode 'outputs' to avoid re-running this script phase.\necho \"SUCCESS\" > \"${SCRIPT_OUTPUT_FILE_0}\"\n";
			showEnvVarsInLog = 0;
		};
		B8EB38C9AADFC98528CE0699 /* [CP] Check Pods Manifest.lock */ = {
			isa = PBXShellScriptBuildPhase;
			buildActionMask = 2147483647;
			files = (
			);
			inputFileListPaths = (
			);
			inputPaths = (
				"${PODS_PODFILE_DIR_PATH}/Podfile.lock",
				"${PODS_ROOT}/Manifest.lock",
			);
			name = "[CP] Check Pods Manifest.lock";
			outputFileListPaths = (
			);
			outputPaths = (
				"$(DERIVED_FILE_DIR)/Pods-WiFiProvider-checkManifestLockResult.txt",
			);
			runOnlyForDeploymentPostprocessing = 0;
			shellPath = /bin/sh;
			shellScript = "diff \"${PODS_PODFILE_DIR_PATH}/Podfile.lock\" \"${PODS_ROOT}/Manifest.lock\" > /dev/null\nif [ $? != 0 ] ; then\n    # print error to STDERR\n    echo \"error: The sandbox is not in sync with the Podfile.lock. Run 'pod install' or update your CocoaPods installation.\" >&2\n    exit 1\nfi\n# This output is used by Xcode 'outputs' to avoid re-running this script phase.\necho \"SUCCESS\" > \"${SCRIPT_OUTPUT_FILE_0}\"\n";
			showEnvVarsInLog = 0;
		};
		D3C1BC7B8E3C2F37334064D3 /* [CP] Embed Pods Frameworks */ = {
			isa = PBXShellScriptBuildPhase;
			buildActionMask = 2147483647;
			files = (
			);
			inputFileListPaths = (
				"${PODS_ROOT}/Target Support Files/Pods-WiFiProvider/Pods-WiFiProvider-frameworks-${CONFIGURATION}-input-files.xcfilelist",
			);
			name = "[CP] Embed Pods Frameworks";
			outputFileListPaths = (
				"${PODS_ROOT}/Target Support Files/Pods-WiFiProvider/Pods-WiFiProvider-frameworks-${CONFIGURATION}-output-files.xcfilelist",
			);
			runOnlyForDeploymentPostprocessing = 0;
			shellPath = /bin/sh;
			shellScript = "\"${PODS_ROOT}/Target Support Files/Pods-WiFiProvider/Pods-WiFiProvider-frameworks.sh\"\n";
			showEnvVarsInLog = 0;
		};
/* End PBXShellScriptBuildPhase section */

/* Begin PBXSourcesBuildPhase section */
		C71F94962A1B830000A3BFF1 /* Sources */ = {
			isa = PBXSourcesBuildPhase;
			buildActionMask = 2147483647;
			files = (
				C71F949F2A1B830000A3BFF1 /* AppProxyProvider.swift in Sources */,
				C71F94B52A1B843A00A3BFF1 /* Profle.swift in Sources */,
				C71F94BB2A1B843A00A3BFF1 /* Settings.swift in Sources */,
				C71F94B82A1B843A00A3BFF1 /* Message.swift in Sources */,
				C71F94B72A1B843A00A3BFF1 /* Log.swift in Sources */,
				C71F94BA2A1B843A00A3BFF1 /* Util.swift in Sources */,
				C71F94B62A1B843A00A3BFF1 /* Bridge.swift in Sources */,
				C71F94B92A1B843A00A3BFF1 /* Config.swift in Sources */,
				C71F94BD2A1B847C00A3BFF1 /* PacketTunnelProvider.swift in Sources */,
				C7B3DE282A1DD67E00EC4A41 /* ConnectionTimer.swift in Sources */,
			);
			runOnlyForDeploymentPostprocessing = 0;
		};
		C7F2501529FA899700F23FEB /* Sources */ = {
			isa = PBXSourcesBuildPhase;
			buildActionMask = 2147483647;
			files = (
				C7A95D662A1399FD006DBA68 /* PremiumCallback.swift in Sources */,
				C7843BC72A0E3CA200C7C2DB /* VpnChecker.swift in Sources */,
				C71F94CB2A1B8AED00A3BFF1 /* Log.swift in Sources */,
				C7F2502129FA899700F23FEB /* SplashVC.swift in Sources */,
				C76B0A632A0CF4A400642AF5 /* ConnectedWifiDetail.swift in Sources */,
				C7A95D652A1399FD006DBA68 /* ConnectingState.swift in Sources */,
				C748CECB2A163D0600DF51A9 /* FingNetwork.swift in Sources */,
				C71F94CA2A1B8AED00A3BFF1 /* Message.swift in Sources */,
				C7C432642A17308300AD0E31 /* TabySegmentedControl.swift in Sources */,
				C7A95D702A1399FD006DBA68 /* VPNPurchasedStatus.swift in Sources */,
				C7F2508D29FA9F1200F23FEB /* WifiVC.swift in Sources */,
				C7A95D6E2A1399FD006DBA68 /* ConnectedTimer.swift in Sources */,
				C79DA6712A1F1B1C00E90C22 /* TimerManager.swift in Sources */,
				C7A95D572A1398FF006DBA68 /* GifImageClass.swift in Sources */,
				C7A95D4D2A135564006DBA68 /* SpeedTestData.swift in Sources */,
				C76B0A612A0CF46D00642AF5 /* ConnectedWifiVC.swift in Sources */,
				C7A95D6C2A1399FD006DBA68 /* MoveToBuyPremium.swift in Sources */,
				C7C4326D2A178FC000AD0E31 /* AnimationCell.swift in Sources */,
				C7A95D6A2A1399FD006DBA68 /* FreeTrafficRemaining.swift in Sources */,
				C71F94C52A1B896E00A3BFF1 /* Profile.swift in Sources */,
				C7B3DE2B2A1DDFB500EC4A41 /* SearchController.swift in Sources */,
				C7843BA82A0DFB9C00C7C2DB /* FGKUtils.swift in Sources */,
				C71F94C72A1B89FA00A3BFF1 /* Settings.swift in Sources */,
				C71F94BF2A1B87DA00A3BFF1 /* Util.swift in Sources */,
				C748CECD2A163D4D00DF51A9 /* FingIsp.swift in Sources */,
				C7CFFF062A12577700898D67 /* DeviceDetailVC.swift in Sources */,
				C7A95D6D2A1399FD006DBA68 /* ConnectionStatus.swift in Sources */,
				C7C432612A17290300AD0E31 /* UnderlineView.swift in Sources */,
				C74C37CE2A1CB6880066769E /* PasswordData.swift in Sources */,
				C7A95D512A135D60006DBA68 /* RouterVC.swift in Sources */,
				C748CED12A164FE500DF51A9 /* WifiDataCell.swift in Sources */,
				C7A95D742A13A6BD006DBA68 /* CountryTableViewCell.swift in Sources */,
				C7A95D822A13A972006DBA68 /* NetworkManagers.swift in Sources */,
				C7461EC72A1689AA0002AEB2 /* DeviceName.swift in Sources */,
				C7CFFF042A123B9500898D67 /* ScannedWifiList.swift in Sources */,
				C7B5A9B82A14A987002B7393 /* SwiftShadowImageView.swift in Sources */,
				C7A95D472A134134006DBA68 /* SpeedHistoryVC.swift in Sources */,
				C748CEC82A163C8000DF51A9 /* FingScanResponse.swift in Sources */,
				C76B0A5F2A0CF38700642AF5 /* SpeedTestDetailVC.swift in Sources */,
				C7843BD02A0E5C5B00C7C2DB /* SpeedTestCompleteListener.swift in Sources */,
				C7C432682A17375800AD0E31 /* RouterHintVC.swift in Sources */,
				C76B0A592A0CE31D00642AF5 /* SpeedTestVC.swift in Sources */,
				C7CFFEFD2A11EA5800898D67 /* WifiAdminVC.swift in Sources */,
				C7B5AA0A2A14F272002B7393 /* SpeedData.swift in Sources */,
				C7F2501D29FA899700F23FEB /* AppDelegate.swift in Sources */,
				C74C37D02A1CB6A00066769E /* PasswordDataDetail.swift in Sources */,
				C7A95D7C2A13A810006DBA68 /* DataModelR.swift in Sources */,
				C7843BB82A0E3AEE00C7C2DB /* MyConstants.swift in Sources */,
				C7843BC82A0E3CA200C7C2DB /* VPNConnection.swift in Sources */,
				C7843BAD2A0E0A5B00C7C2DB /* WifiKey.swift in Sources */,
				C7A95D722A13A62A006DBA68 /* CountryVC.swift in Sources */,
				C7843BB62A0E39C300C7C2DB /* VPNViewModel.swift in Sources */,
				C7A95D842A13AB18006DBA68 /* Constants.swift in Sources */,
				C75F1B3F29FBD56D00D89A3E /* PingHelper.swift in Sources */,
				C7C432702A179F2F00AD0E31 /* InAppPurchaseVC.swift in Sources */,
				C7843BAA2A0DFBF200C7C2DB /* NetworkHelper.swift in Sources */,
				C7A95D7A2A13A810006DBA68 /* DataModel.swift in Sources */,
				C7B5A9B42A149C9B002B7393 /* NetworkSpeedMonitor.swift in Sources */,
				C7843BCB2A0E4ED900C7C2DB /* PingSpeed.swift in Sources */,
				C75F1B3D29FB81DE00D89A3E /* ExtensionFile.swift in Sources */,
				C7843BC92A0E3CA200C7C2DB /* NetworkSpeedTest.swift in Sources */,
				C7A95D6F2A1399FD006DBA68 /* VPNConnectedStatus.swift in Sources */,
				C7A95D7F2A13A921006DBA68 /* CountryDataVM.swift in Sources */,
				C76B0A652A0D0C2400642AF5 /* CloseListener.swift in Sources */,
				C76B0A552A0CE25500642AF5 /* DashboardVC.swift in Sources */,
				C7B5A9FA2A14CBF4002B7393 /* CategorizationActions.swift in Sources */,
				C7C432662A17374100AD0E31 /* PasswordHintVC.swift in Sources */,
				C7B5A9BB2A14AF77002B7393 /* ProfileViewModel.swift in Sources */,
				C7A95D7B2A13A810006DBA68 /* CountryModel.swift in Sources */,
				C7A95D542A1392AB006DBA68 /* CustomSegmentControl.swift in Sources */,
				C7A95D4B2A134CB0006DBA68 /* SpeedHistoryCell.swift in Sources */,
				C74C37CB2A1CB5B30066769E /* PasswordHintCell.swift in Sources */,
				C7F2501F29FA899700F23FEB /* SceneDelegate.swift in Sources */,
				C7843BB52A0E39C300C7C2DB /* SpeedTestViewModel.swift in Sources */,
				C7B5A9F92A14CBF4002B7393 /* CategorizationProcessor.swift in Sources */,
				C7A95D682A1399FD006DBA68 /* ConnectionState.swift in Sources */,
				C76B0A572A0CE2FE00642AF5 /* VpnVC.swift in Sources */,
				C7A95D6B2A1399FD006DBA68 /* MenuActionStatus.swift in Sources */,
				C7A95D672A1399FD006DBA68 /* CountrySelectionList.swift in Sources */,
				C75F1B3A29FB7DA900D89A3E /* MenuVC.swift in Sources */,
				C76B0A5D2A0CF19500642AF5 /* PermissionVC.swift in Sources */,
				C748CECF2A163E4300DF51A9 /* FingNodes.swift in Sources */,
				C7A95D692A1399FD006DBA68 /* PurchaseInfo.swift in Sources */,
			);
			runOnlyForDeploymentPostprocessing = 0;
		};
/* End PBXSourcesBuildPhase section */

/* Begin PBXTargetDependency section */
		C71F94A32A1B830000A3BFF1 /* PBXTargetDependency */ = {
			isa = PBXTargetDependency;
			target = C71F94992A1B830000A3BFF1 /* TunnelProvider */;
			targetProxy = C71F94A22A1B830000A3BFF1 /* PBXContainerItemProxy */;
		};
/* End PBXTargetDependency section */

/* Begin PBXVariantGroup section */
		C7F2502229FA899700F23FEB /* Main.storyboard */ = {
			isa = PBXVariantGroup;
			children = (
				C7F2502329FA899700F23FEB /* Base */,
			);
			name = Main.storyboard;
			sourceTree = "<group>";
		};
		C7F2502729FA899800F23FEB /* LaunchScreen.storyboard */ = {
			isa = PBXVariantGroup;
			children = (
				C7F2502829FA899800F23FEB /* Base */,
			);
			name = LaunchScreen.storyboard;
			sourceTree = "<group>";
		};
/* End PBXVariantGroup section */

/* Begin XCBuildConfiguration section */
		C71F94A62A1B830000A3BFF1 /* Debug */ = {
			isa = XCBuildConfiguration;
			baseConfigurationReference = 633DD3FC9256E8FB8D308EFA /* Pods-TunnelProvider.debug.xcconfig */;
			buildSettings = {
				CODE_SIGN_ENTITLEMENTS = TunnelProvider/TunnelProvider.entitlements;
				CODE_SIGN_IDENTITY = "Apple Development";
				CODE_SIGN_STYLE = Automatic;
				CURRENT_PROJECT_VERSION = 1;
				DEVELOPMENT_TEAM = MAFY34W5UY;
				GENERATE_INFOPLIST_FILE = YES;
				INFOPLIST_FILE = TunnelProvider/Info.plist;
				INFOPLIST_KEY_CFBundleDisplayName = TunnelProvider;
				INFOPLIST_KEY_NSHumanReadableCopyright = "";
				IPHONEOS_DEPLOYMENT_TARGET = 16.2;
				LD_RUNPATH_SEARCH_PATHS = (
					"$(inherited)",
					"@executable_path/Frameworks",
					"@executable_path/../../Frameworks",
				);
				MARKETING_VERSION = 1.0;
				PRODUCT_BUNDLE_IDENTIFIER = com.quantum.whoisonmywifi.wifimap.wifiscan.wifidetector.wifihacker.password.TunnelProvider;
				PRODUCT_NAME = "$(TARGET_NAME)";
				PROVISIONING_PROFILE_SPECIFIER = "";
				SKIP_INSTALL = YES;
				SWIFT_EMIT_LOC_STRINGS = YES;
				SWIFT_VERSION = 5.0;
				TARGETED_DEVICE_FAMILY = "1,2";
			};
			name = Debug;
		};
		C71F94A72A1B830000A3BFF1 /* Release */ = {
			isa = XCBuildConfiguration;
			baseConfigurationReference = B251447BCB11395BCFE1B192 /* Pods-TunnelProvider.release.xcconfig */;
			buildSettings = {
				CODE_SIGN_ENTITLEMENTS = TunnelProvider/TunnelProvider.entitlements;
				CODE_SIGN_IDENTITY = "Apple Development";
				CODE_SIGN_STYLE = Automatic;
				CURRENT_PROJECT_VERSION = 1;
				DEVELOPMENT_TEAM = MAFY34W5UY;
				GENERATE_INFOPLIST_FILE = YES;
				INFOPLIST_FILE = TunnelProvider/Info.plist;
				INFOPLIST_KEY_CFBundleDisplayName = TunnelProvider;
				INFOPLIST_KEY_NSHumanReadableCopyright = "";
				IPHONEOS_DEPLOYMENT_TARGET = 16.2;
				LD_RUNPATH_SEARCH_PATHS = (
					"$(inherited)",
					"@executable_path/Frameworks",
					"@executable_path/../../Frameworks",
				);
				MARKETING_VERSION = 1.0;
				PRODUCT_BUNDLE_IDENTIFIER = com.quantum.whoisonmywifi.wifimap.wifiscan.wifidetector.wifihacker.password.TunnelProvider;
				PRODUCT_NAME = "$(TARGET_NAME)";
				PROVISIONING_PROFILE_SPECIFIER = "";
				SKIP_INSTALL = YES;
				SWIFT_EMIT_LOC_STRINGS = YES;
				SWIFT_VERSION = 5.0;
				TARGETED_DEVICE_FAMILY = "1,2";
			};
			name = Release;
		};
		C7F2502B29FA899800F23FEB /* Debug */ = {
			isa = XCBuildConfiguration;
			buildSettings = {
				ALWAYS_SEARCH_USER_PATHS = NO;
				CLANG_ANALYZER_NONNULL = YES;
				CLANG_ANALYZER_NUMBER_OBJECT_CONVERSION = YES_AGGRESSIVE;
				CLANG_CXX_LANGUAGE_STANDARD = "gnu++20";
				CLANG_ENABLE_MODULES = YES;
				CLANG_ENABLE_OBJC_ARC = YES;
				CLANG_ENABLE_OBJC_WEAK = YES;
				CLANG_WARN_BLOCK_CAPTURE_AUTORELEASING = YES;
				CLANG_WARN_BOOL_CONVERSION = YES;
				CLANG_WARN_COMMA = YES;
				CLANG_WARN_CONSTANT_CONVERSION = YES;
				CLANG_WARN_DEPRECATED_OBJC_IMPLEMENTATIONS = YES;
				CLANG_WARN_DIRECT_OBJC_ISA_USAGE = YES_ERROR;
				CLANG_WARN_DOCUMENTATION_COMMENTS = YES;
				CLANG_WARN_EMPTY_BODY = YES;
				CLANG_WARN_ENUM_CONVERSION = YES;
				CLANG_WARN_INFINITE_RECURSION = YES;
				CLANG_WARN_INT_CONVERSION = YES;
				CLANG_WARN_NON_LITERAL_NULL_CONVERSION = YES;
				CLANG_WARN_OBJC_IMPLICIT_RETAIN_SELF = YES;
				CLANG_WARN_OBJC_LITERAL_CONVERSION = YES;
				CLANG_WARN_OBJC_ROOT_CLASS = YES_ERROR;
				CLANG_WARN_QUOTED_INCLUDE_IN_FRAMEWORK_HEADER = YES;
				CLANG_WARN_RANGE_LOOP_ANALYSIS = YES;
				CLANG_WARN_STRICT_PROTOTYPES = YES;
				CLANG_WARN_SUSPICIOUS_MOVE = YES;
				CLANG_WARN_UNGUARDED_AVAILABILITY = YES_AGGRESSIVE;
				CLANG_WARN_UNREACHABLE_CODE = YES;
				CLANG_WARN__DUPLICATE_METHOD_MATCH = YES;
				COPY_PHASE_STRIP = NO;
				DEBUG_INFORMATION_FORMAT = dwarf;
				ENABLE_STRICT_OBJC_MSGSEND = YES;
				ENABLE_TESTABILITY = YES;
				GCC_C_LANGUAGE_STANDARD = gnu11;
				GCC_DYNAMIC_NO_PIC = NO;
				GCC_NO_COMMON_BLOCKS = YES;
				GCC_OPTIMIZATION_LEVEL = 0;
				GCC_PREPROCESSOR_DEFINITIONS = (
					"DEBUG=1",
					"$(inherited)",
				);
				GCC_WARN_64_TO_32_BIT_CONVERSION = YES;
				GCC_WARN_ABOUT_RETURN_TYPE = YES_ERROR;
				GCC_WARN_UNDECLARED_SELECTOR = YES;
				GCC_WARN_UNINITIALIZED_AUTOS = YES_AGGRESSIVE;
				GCC_WARN_UNUSED_FUNCTION = YES;
				GCC_WARN_UNUSED_VARIABLE = YES;
				IPHONEOS_DEPLOYMENT_TARGET = 12.2;
				MTL_ENABLE_DEBUG_INFO = INCLUDE_SOURCE;
				MTL_FAST_MATH = YES;
				ONLY_ACTIVE_ARCH = YES;
				SDKROOT = iphoneos;
				SWIFT_ACTIVE_COMPILATION_CONDITIONS = DEBUG;
				SWIFT_OPTIMIZATION_LEVEL = "-Onone";
			};
			name = Debug;
		};
		C7F2502C29FA899800F23FEB /* Release */ = {
			isa = XCBuildConfiguration;
			buildSettings = {
				ALWAYS_SEARCH_USER_PATHS = NO;
				CLANG_ANALYZER_NONNULL = YES;
				CLANG_ANALYZER_NUMBER_OBJECT_CONVERSION = YES_AGGRESSIVE;
				CLANG_CXX_LANGUAGE_STANDARD = "gnu++20";
				CLANG_ENABLE_MODULES = YES;
				CLANG_ENABLE_OBJC_ARC = YES;
				CLANG_ENABLE_OBJC_WEAK = YES;
				CLANG_WARN_BLOCK_CAPTURE_AUTORELEASING = YES;
				CLANG_WARN_BOOL_CONVERSION = YES;
				CLANG_WARN_COMMA = YES;
				CLANG_WARN_CONSTANT_CONVERSION = YES;
				CLANG_WARN_DEPRECATED_OBJC_IMPLEMENTATIONS = YES;
				CLANG_WARN_DIRECT_OBJC_ISA_USAGE = YES_ERROR;
				CLANG_WARN_DOCUMENTATION_COMMENTS = YES;
				CLANG_WARN_EMPTY_BODY = YES;
				CLANG_WARN_ENUM_CONVERSION = YES;
				CLANG_WARN_INFINITE_RECURSION = YES;
				CLANG_WARN_INT_CONVERSION = YES;
				CLANG_WARN_NON_LITERAL_NULL_CONVERSION = YES;
				CLANG_WARN_OBJC_IMPLICIT_RETAIN_SELF = YES;
				CLANG_WARN_OBJC_LITERAL_CONVERSION = YES;
				CLANG_WARN_OBJC_ROOT_CLASS = YES_ERROR;
				CLANG_WARN_QUOTED_INCLUDE_IN_FRAMEWORK_HEADER = YES;
				CLANG_WARN_RANGE_LOOP_ANALYSIS = YES;
				CLANG_WARN_STRICT_PROTOTYPES = YES;
				CLANG_WARN_SUSPICIOUS_MOVE = YES;
				CLANG_WARN_UNGUARDED_AVAILABILITY = YES_AGGRESSIVE;
				CLANG_WARN_UNREACHABLE_CODE = YES;
				CLANG_WARN__DUPLICATE_METHOD_MATCH = YES;
				COPY_PHASE_STRIP = NO;
				DEBUG_INFORMATION_FORMAT = "dwarf-with-dsym";
				ENABLE_NS_ASSERTIONS = NO;
				ENABLE_STRICT_OBJC_MSGSEND = YES;
				GCC_C_LANGUAGE_STANDARD = gnu11;
				GCC_NO_COMMON_BLOCKS = YES;
				GCC_WARN_64_TO_32_BIT_CONVERSION = YES;
				GCC_WARN_ABOUT_RETURN_TYPE = YES_ERROR;
				GCC_WARN_UNDECLARED_SELECTOR = YES;
				GCC_WARN_UNINITIALIZED_AUTOS = YES_AGGRESSIVE;
				GCC_WARN_UNUSED_FUNCTION = YES;
				GCC_WARN_UNUSED_VARIABLE = YES;
				IPHONEOS_DEPLOYMENT_TARGET = 12.2;
				MTL_ENABLE_DEBUG_INFO = NO;
				MTL_FAST_MATH = YES;
				SDKROOT = iphoneos;
				SWIFT_COMPILATION_MODE = wholemodule;
				SWIFT_OPTIMIZATION_LEVEL = "-O";
				VALIDATE_PRODUCT = YES;
			};
			name = Release;
		};
		C7F2502E29FA899800F23FEB /* Debug */ = {
			isa = XCBuildConfiguration;
			baseConfigurationReference = 8DC29E2E095279E106593919 /* Pods-WiFiProvider.debug.xcconfig */;
			buildSettings = {
				ALWAYS_EMBED_SWIFT_STANDARD_LIBRARIES = YES;
				APPLICATION_EXTENSION_API_ONLY = NO;
				ASSETCATALOG_COMPILER_APPICON_NAME = AppIcon;
				ASSETCATALOG_COMPILER_GLOBAL_ACCENT_COLOR_NAME = AccentColor;
				CODE_SIGN_ENTITLEMENTS = WiFiProvider/WiFiProvider.entitlements;
				CODE_SIGN_STYLE = Automatic;
				CURRENT_PROJECT_VERSION = 1;
				DEVELOPMENT_TEAM = MAFY34W5UY;
				GENERATE_INFOPLIST_FILE = YES;
				INFOPLIST_FILE = WiFiProvider/Info.plist;
				INFOPLIST_KEY_NSLocationAlwaysAndWhenInUseUsageDescription = "allow for scanning network";
				INFOPLIST_KEY_NSLocationAlwaysUsageDescription = "allow to sacn network";
				INFOPLIST_KEY_NSLocationWhenInUseUsageDescription = "allow to scan network";
				INFOPLIST_KEY_UIApplicationSupportsIndirectInputEvents = YES;
				INFOPLIST_KEY_UILaunchStoryboardName = LaunchScreen;
				INFOPLIST_KEY_UIMainStoryboardFile = Main;
				INFOPLIST_KEY_UISupportedInterfaceOrientations = UIInterfaceOrientationPortrait;
				INFOPLIST_KEY_UISupportedInterfaceOrientations_iPad = "UIInterfaceOrientationLandscapeLeft UIInterfaceOrientationLandscapeRight UIInterfaceOrientationPortrait UIInterfaceOrientationPortraitUpsideDown";
				IPHONEOS_DEPLOYMENT_TARGET = 12.2;
				LD_RUNPATH_SEARCH_PATHS = (
					"$(inherited)",
					"@executable_path/Frameworks",
				);
				MARKETING_VERSION = 1;
				PRODUCT_BUNDLE_IDENTIFIER = com.quantum.whoisonmywifi.wifimap.wifiscan.wifidetector.wifihacker.password;
				PRODUCT_NAME = "$(TARGET_NAME)";
				SWIFT_EMIT_LOC_STRINGS = YES;
				SWIFT_VERSION = 5.0;
				TARGETED_DEVICE_FAMILY = "1,2";
			};
			name = Debug;
		};
		C7F2502F29FA899800F23FEB /* Release */ = {
			isa = XCBuildConfiguration;
			baseConfigurationReference = 15B3AF1F651A7AC45E4F57EF /* Pods-WiFiProvider.release.xcconfig */;
			buildSettings = {
				ALWAYS_EMBED_SWIFT_STANDARD_LIBRARIES = YES;
				APPLICATION_EXTENSION_API_ONLY = NO;
				ASSETCATALOG_COMPILER_APPICON_NAME = AppIcon;
				ASSETCATALOG_COMPILER_GLOBAL_ACCENT_COLOR_NAME = AccentColor;
				CODE_SIGN_ENTITLEMENTS = WiFiProvider/WiFiProvider.entitlements;
				CODE_SIGN_STYLE = Automatic;
				CURRENT_PROJECT_VERSION = 1;
				DEVELOPMENT_TEAM = MAFY34W5UY;
				GENERATE_INFOPLIST_FILE = YES;
				INFOPLIST_FILE = WiFiProvider/Info.plist;
				INFOPLIST_KEY_NSLocationAlwaysAndWhenInUseUsageDescription = "allow for scanning network";
				INFOPLIST_KEY_NSLocationAlwaysUsageDescription = "allow to sacn network";
				INFOPLIST_KEY_NSLocationWhenInUseUsageDescription = "allow to scan network";
				INFOPLIST_KEY_UIApplicationSupportsIndirectInputEvents = YES;
				INFOPLIST_KEY_UILaunchStoryboardName = LaunchScreen;
				INFOPLIST_KEY_UIMainStoryboardFile = Main;
				INFOPLIST_KEY_UISupportedInterfaceOrientations = UIInterfaceOrientationPortrait;
				INFOPLIST_KEY_UISupportedInterfaceOrientations_iPad = "UIInterfaceOrientationLandscapeLeft UIInterfaceOrientationLandscapeRight UIInterfaceOrientationPortrait UIInterfaceOrientationPortraitUpsideDown";
				IPHONEOS_DEPLOYMENT_TARGET = 12.2;
				LD_RUNPATH_SEARCH_PATHS = (
					"$(inherited)",
					"@executable_path/Frameworks",
				);
				MARKETING_VERSION = 1;
				PRODUCT_BUNDLE_IDENTIFIER = com.quantum.whoisonmywifi.wifimap.wifiscan.wifidetector.wifihacker.password;
				PRODUCT_NAME = "$(TARGET_NAME)";
				SWIFT_EMIT_LOC_STRINGS = YES;
				SWIFT_VERSION = 5.0;
				TARGETED_DEVICE_FAMILY = "1,2";
			};
			name = Release;
		};
/* End XCBuildConfiguration section */

/* Begin XCConfigurationList section */
		C71F94A92A1B830000A3BFF1 /* Build configuration list for PBXNativeTarget "TunnelProvider" */ = {
			isa = XCConfigurationList;
			buildConfigurations = (
				C71F94A62A1B830000A3BFF1 /* Debug */,
				C71F94A72A1B830000A3BFF1 /* Release */,
			);
			defaultConfigurationIsVisible = 0;
			defaultConfigurationName = Release;
		};
		C7F2501429FA899700F23FEB /* Build configuration list for PBXProject "WiFiProvider" */ = {
			isa = XCConfigurationList;
			buildConfigurations = (
				C7F2502B29FA899800F23FEB /* Debug */,
				C7F2502C29FA899800F23FEB /* Release */,
			);
			defaultConfigurationIsVisible = 0;
			defaultConfigurationName = Release;
		};
		C7F2502D29FA899800F23FEB /* Build configuration list for PBXNativeTarget "WiFiProvider" */ = {
			isa = XCConfigurationList;
			buildConfigurations = (
				C7F2502E29FA899800F23FEB /* Debug */,
				C7F2502F29FA899800F23FEB /* Release */,
			);
			defaultConfigurationIsVisible = 0;
			defaultConfigurationName = Release;
		};
/* End XCConfigurationList section */
	};
	rootObject = C7F2501129FA899700F23FEB /* Project object */;
}
